// !$*UTF8*$!
{
	archiveVersion = 1;
	classes = {
	};
	objectVersion = 48;
	objects = {

/* Begin PBXBuildFile section */
		2607B5E31FC6C0DF000AF380 /* HNChannelModel.m in Sources */ = {isa = PBXBuildFile; fileRef = 2607B5E21FC6C0DF000AF380 /* HNChannelModel.m */; };
		2607B5E61FC6CA56000AF380 /* HNButton.m in Sources */ = {isa = PBXBuildFile; fileRef = 2607B5E51FC6CA56000AF380 /* HNButton.m */; };
		2607B5E91FC7C929000AF380 /* HNTitleView.m in Sources */ = {isa = PBXBuildFile; fileRef = 2607B5E81FC7C929000AF380 /* HNTitleView.m */; };
		2607B5ED1FC7CC77000AF380 /* HNTitleView.xib in Resources */ = {isa = PBXBuildFile; fileRef = 2607B5EC1FC7CC77000AF380 /* HNTitleView.xib */; };
		262437A51FBE805800BAA1B6 /* AppDelegate.m in Sources */ = {isa = PBXBuildFile; fileRef = 262437991FBE805800BAA1B6 /* AppDelegate.m */; };
		262437A71FBE805800BAA1B6 /* LaunchScreen.storyboard in Resources */ = {isa = PBXBuildFile; fileRef = 2624379E1FBE805800BAA1B6 /* LaunchScreen.storyboard */; };
		262437A81FBE805800BAA1B6 /* Main.storyboard in Resources */ = {isa = PBXBuildFile; fileRef = 262437A01FBE805800BAA1B6 /* Main.storyboard */; };
		262437A91FBE805800BAA1B6 /* Assets.xcassets in Resources */ = {isa = PBXBuildFile; fileRef = 262437A21FBE805800BAA1B6 /* Assets.xcassets */; };
		262437AA1FBE805800BAA1B6 /* main.m in Sources */ = {isa = PBXBuildFile; fileRef = 262437A31FBE805800BAA1B6 /* main.m */; };
		262437AB1FBE805800BAA1B6 /* Info.plist in Resources */ = {isa = PBXBuildFile; fileRef = 262437A41FBE805800BAA1B6 /* Info.plist */; };
		262437C81FBE910400BAA1B6 /* HNTabBarController.m in Sources */ = {isa = PBXBuildFile; fileRef = 262437C71FBE910400BAA1B6 /* HNTabBarController.m */; };
		262437CB1FBE912200BAA1B6 /* HNNavigationController.m in Sources */ = {isa = PBXBuildFile; fileRef = 262437CA1FBE912200BAA1B6 /* HNNavigationController.m */; };
		262437CE1FBEB60500BAA1B6 /* HNHeader.m in Sources */ = {isa = PBXBuildFile; fileRef = 262437CD1FBEB60500BAA1B6 /* HNHeader.m */; };
		262437D81FBEDDBA00BAA1B6 /* UITabBar+HNTabber.m in Sources */ = {isa = PBXBuildFile; fileRef = 262437D71FBEDDBA00BAA1B6 /* UITabBar+HNTabber.m */; };
		262437DE1FC153D500BAA1B6 /* HNBaseViewController.m in Sources */ = {isa = PBXBuildFile; fileRef = 262437DD1FC153D500BAA1B6 /* HNBaseViewController.m */; };
		262437F71FC2BB8A00BAA1B6 /* HNRefreshFooter.m in Sources */ = {isa = PBXBuildFile; fileRef = 262437F01FC2BB8A00BAA1B6 /* HNRefreshFooter.m */; };
		262437F81FC2BB8A00BAA1B6 /* HNRefreshGifHeader.m in Sources */ = {isa = PBXBuildFile; fileRef = 262437F21FC2BB8A00BAA1B6 /* HNRefreshGifHeader.m */; };
		262437F91FC2BB8A00BAA1B6 /* UIView+AnimationExtend.m in Sources */ = {isa = PBXBuildFile; fileRef = 262437F41FC2BB8A00BAA1B6 /* UIView+AnimationExtend.m */; };
		262437FA1FC2BB8A00BAA1B6 /* UIView+Frame.m in Sources */ = {isa = PBXBuildFile; fileRef = 262437F61FC2BB8A00BAA1B6 /* UIView+Frame.m */; };
		262438011FC2BBF100BAA1B6 /* HNURLManager.m in Sources */ = {isa = PBXBuildFile; fileRef = 262438001FC2BBF100BAA1B6 /* HNURLManager.m */; };
		26288DC71FD7EF61003A684F /* YNDiskCacheHelper.m in Sources */ = {isa = PBXBuildFile; fileRef = 26288DC61FD7EF61003A684F /* YNDiskCacheHelper.m */; };
		26288DCA1FD8D812003A684F /* HNEmoticonHelper.m in Sources */ = {isa = PBXBuildFile; fileRef = 26288DC91FD8D812003A684F /* HNEmoticonHelper.m */; };
		262F929B207B520A00DBD209 /* HNMicroVideoCollectionViewCell.m in Sources */ = {isa = PBXBuildFile; fileRef = 262F929A207B520A00DBD209 /* HNMicroVideoCollectionViewCell.m */; };
		2631DB36207CC024004E08DE /* HNMicroVideoViewModel.m in Sources */ = {isa = PBXBuildFile; fileRef = 2631DB35207CC024004E08DE /* HNMicroVideoViewModel.m */; };
		2631DB3C207CC0EF004E08DE /* HNMicoVideoRequest.m in Sources */ = {isa = PBXBuildFile; fileRef = 2631DB3B207CC0EF004E08DE /* HNMicoVideoRequest.m */; };
		2631DB3F207CC585004E08DE /* HNMicroVideoModel.m in Sources */ = {isa = PBXBuildFile; fileRef = 2631DB3E207CC585004E08DE /* HNMicroVideoModel.m */; };
		2636BDC720033AE4005A2BCF /* HNMineHeaderView.m in Sources */ = {isa = PBXBuildFile; fileRef = 2636BDC620033AE4005A2BCF /* HNMineHeaderView.m */; };
		2655F2351FC3C61B0027C6C4 /* 290-cai978.ttf in Resources */ = {isa = PBXBuildFile; fileRef = 2655F2301FC3C61B0027C6C4 /* 290-cai978.ttf */; };
		2655F2361FC3C61B0027C6C4 /* ChatroomIconFont.ttf in Resources */ = {isa = PBXBuildFile; fileRef = 2655F2311FC3C61B0027C6C4 /* ChatroomIconFont.ttf */; };
		2655F2371FC3C61B0027C6C4 /* iconfont.ttf in Resources */ = {isa = PBXBuildFile; fileRef = 2655F2321FC3C61B0027C6C4 /* iconfont.ttf */; };
		2655F2381FC3C61B0027C6C4 /* new_icon.ttf in Resources */ = {isa = PBXBuildFile; fileRef = 2655F2331FC3C61B0027C6C4 /* new_icon.ttf */; };
		2655F2391FC3C61B0027C6C4 /* wd_iconfont.ttf in Resources */ = {isa = PBXBuildFile; fileRef = 2655F2341FC3C61B0027C6C4 /* wd_iconfont.ttf */; };
		2655F23C1FC3CBFB0027C6C4 /* HNNavigationBar.m in Sources */ = {isa = PBXBuildFile; fileRef = 2655F23B1FC3CBFB0027C6C4 /* HNNavigationBar.m */; };
		2655F2621FC40E660027C6C4 /* UIButton+EX.m in Sources */ = {isa = PBXBuildFile; fileRef = 2655F2601FC40E660027C6C4 /* UIButton+EX.m */; };
		2655F2661FC427080027C6C4 /* HNChannelView.m in Sources */ = {isa = PBXBuildFile; fileRef = 2655F2651FC427080027C6C4 /* HNChannelView.m */; };
		2655F26B1FC4289F0027C6C4 /* HNNetWorkManager.m in Sources */ = {isa = PBXBuildFile; fileRef = 2655F2671FC4289F0027C6C4 /* HNNetWorkManager.m */; };
		2655F26C1FC4289F0027C6C4 /* HNNetWorkBaseModel.m in Sources */ = {isa = PBXBuildFile; fileRef = 2655F2681FC4289F0027C6C4 /* HNNetWorkBaseModel.m */; };
		2655F26F1FC4290C0027C6C4 /* MBProgressHUD+Add.m in Sources */ = {isa = PBXBuildFile; fileRef = 2655F26E1FC4290C0027C6C4 /* MBProgressHUD+Add.m */; };
		2655F2761FC431E10027C6C4 /* HNVideoVC.m in Sources */ = {isa = PBXBuildFile; fileRef = 2655F2741FC431E10027C6C4 /* HNVideoVC.m */; };
		2655F2791FC4322B0027C6C4 /* HNVideoPageVC.m in Sources */ = {isa = PBXBuildFile; fileRef = 2655F2781FC4322B0027C6C4 /* HNVideoPageVC.m */; };
		2655F27C1FC55DFE0027C6C4 /* HNVideoTitleModel.m in Sources */ = {isa = PBXBuildFile; fileRef = 2655F27B1FC55DFE0027C6C4 /* HNVideoTitleModel.m */; };
		2655F2821FC55FC30027C6C4 /* HNTitleRequest.m in Sources */ = {isa = PBXBuildFile; fileRef = 2655F2811FC55FC30027C6C4 /* HNTitleRequest.m */; };
		2655F2851FC56CFF0027C6C4 /* HNVideoListRequst.m in Sources */ = {isa = PBXBuildFile; fileRef = 2655F2841FC56CFF0027C6C4 /* HNVideoListRequst.m */; };
		2655F28B1FC5782C0027C6C4 /* HNVideoListModel.m in Sources */ = {isa = PBXBuildFile; fileRef = 2655F28A1FC5782C0027C6C4 /* HNVideoListModel.m */; };
		2655F2921FC69C010027C6C4 /* HNVideoCell.m in Sources */ = {isa = PBXBuildFile; fileRef = 2655F2901FC69C010027C6C4 /* HNVideoCell.m */; };
		2655F2931FC69C010027C6C4 /* HNVideoCell.xib in Resources */ = {isa = PBXBuildFile; fileRef = 2655F2911FC69C010027C6C4 /* HNVideoCell.xib */; };
		2669FA64207A06040027504F /* HNMicroVideoVC.m in Sources */ = {isa = PBXBuildFile; fileRef = 2669FA63207A06040027504F /* HNMicroVideoVC.m */; };
		267D238B200C8A9100A348DB /* UIScrollView+EX.m in Sources */ = {isa = PBXBuildFile; fileRef = 267D238A200C8A9100A348DB /* UIScrollView+EX.m */; };
		267D23C0200F5D1C00A348DB /* HNMicroContentVC.m in Sources */ = {isa = PBXBuildFile; fileRef = 267D23BF200F5D1C00A348DB /* HNMicroContentVC.m */; };
		267F29741FD3BFC50059362A /* HNEmitterHelper.m in Sources */ = {isa = PBXBuildFile; fileRef = 267F29731FD3BFC50059362A /* HNEmitterHelper.m */; };
		267F29781FD6A3BA0059362A /* HNHomeJokeModel.m in Sources */ = {isa = PBXBuildFile; fileRef = 267F29771FD6A3BA0059362A /* HNHomeJokeModel.m */; };
		267F297C1FD6A6B80059362A /* HNHomeJokeCell.m in Sources */ = {isa = PBXBuildFile; fileRef = 267F297A1FD6A6B80059362A /* HNHomeJokeCell.m */; };
		267F297D1FD6A6B80059362A /* HNHomeJokeCell.xib in Resources */ = {isa = PBXBuildFile; fileRef = 267F297B1FD6A6B80059362A /* HNHomeJokeCell.xib */; };
		267F29801FD78CC40059362A /* HNHomeWebVC.m in Sources */ = {isa = PBXBuildFile; fileRef = 267F297F1FD78CC40059362A /* HNHomeWebVC.m */; };
		26886A9C2016D25300ACD6F5 /* LBLoadError.jpg in Resources */ = {isa = PBXBuildFile; fileRef = 26886A882016D25300ACD6F5 /* LBLoadError.jpg */; };
		26886A9D2016D25300ACD6F5 /* LBLoading.png in Resources */ = {isa = PBXBuildFile; fileRef = 26886A892016D25300ACD6F5 /* LBLoading.png */; };
		26886A9E2016D25300ACD6F5 /* LBLoadingView.m in Sources */ = {isa = PBXBuildFile; fileRef = 26886A8B2016D25300ACD6F5 /* LBLoadingView.m */; };
		26886A9F2016D25300ACD6F5 /* LBOptionView.m in Sources */ = {isa = PBXBuildFile; fileRef = 26886A8D2016D25300ACD6F5 /* LBOptionView.m */; };
		26886AA02016D25300ACD6F5 /* LBPhotoBrowserConst.m in Sources */ = {isa = PBXBuildFile; fileRef = 26886A8F2016D25300ACD6F5 /* LBPhotoBrowserConst.m */; };
		26886AA12016D25300ACD6F5 /* LBPhotoBrowserManager.m in Sources */ = {isa = PBXBuildFile; fileRef = 26886A912016D25300ACD6F5 /* LBPhotoBrowserManager.m */; };
		26886AA22016D25300ACD6F5 /* LBPhotoBrowserView.m in Sources */ = {isa = PBXBuildFile; fileRef = 26886A932016D25300ACD6F5 /* LBPhotoBrowserView.m */; };
		26886AA32016D25300ACD6F5 /* LBTapDetectingImageView.m in Sources */ = {isa = PBXBuildFile; fileRef = 26886A952016D25300ACD6F5 /* LBTapDetectingImageView.m */; };
		26886AA42016D25300ACD6F5 /* LBZoomScrollView.m in Sources */ = {isa = PBXBuildFile; fileRef = 26886A972016D25300ACD6F5 /* LBZoomScrollView.m */; };
		26886AA52016D25300ACD6F5 /* UIImage+LBDecoder.m in Sources */ = {isa = PBXBuildFile; fileRef = 26886A992016D25300ACD6F5 /* UIImage+LBDecoder.m */; };
		26886AA62016D25300ACD6F5 /* UIView+LBFrame.m in Sources */ = {isa = PBXBuildFile; fileRef = 26886A9B2016D25300ACD6F5 /* UIView+LBFrame.m */; };
		26922C6A1FCC1528002AF655 /* WMMenuItem.m in Sources */ = {isa = PBXBuildFile; fileRef = 26922C5E1FCC13C4002AF655 /* WMMenuItem.m */; };
		26922C6C1FCC1528002AF655 /* WMMenuView.m in Sources */ = {isa = PBXBuildFile; fileRef = 26922C5F1FCC13C5002AF655 /* WMMenuView.m */; };
		26922C6E1FCC1528002AF655 /* WMPageController.m in Sources */ = {isa = PBXBuildFile; fileRef = 26922C5D1FCC13C4002AF655 /* WMPageController.m */; };
		26922C701FCC1528002AF655 /* WMProgressView.m in Sources */ = {isa = PBXBuildFile; fileRef = 26922C5A1FCC13C4002AF655 /* WMProgressView.m */; };
		26922C721FCC1528002AF655 /* WMScrollView.m in Sources */ = {isa = PBXBuildFile; fileRef = 26922C5B1FCC13C4002AF655 /* WMScrollView.m */; };
		26922C731FCC163E002AF655 /* HNVideoListViewModel.m in Sources */ = {isa = PBXBuildFile; fileRef = 2655F2871FC56D1B0027C6C4 /* HNVideoListViewModel.m */; };
		26922C741FCC1681002AF655 /* HNBaseViewModel.m in Sources */ = {isa = PBXBuildFile; fileRef = 2655F2961FC6A5A70027C6C4 /* HNBaseViewModel.m */; };
		26922C751FCC1696002AF655 /* HNVideoTitleViewModel.m in Sources */ = {isa = PBXBuildFile; fileRef = 2655F27E1FC55EB00027C6C4 /* HNVideoTitleViewModel.m */; };
		26922C7E1FCD41D5002AF655 /* HNDetailVC.m in Sources */ = {isa = PBXBuildFile; fileRef = 26922C791FCD41D4002AF655 /* HNDetailVC.m */; };
		26922C7F1FCD41D5002AF655 /* HNHomeVC.m in Sources */ = {isa = PBXBuildFile; fileRef = 26922C7B1FCD41D4002AF655 /* HNHomeVC.m */; };
		26922C821FCD4219002AF655 /* HNHomeTitleRequest.m in Sources */ = {isa = PBXBuildFile; fileRef = 26922C811FCD4219002AF655 /* HNHomeTitleRequest.m */; };
		26922C851FCD4288002AF655 /* HNHomeTitleViewModel.m in Sources */ = {isa = PBXBuildFile; fileRef = 26922C841FCD4288002AF655 /* HNHomeTitleViewModel.m */; };
		26922C8B1FCD4606002AF655 /* HNHomeTitleModel.m in Sources */ = {isa = PBXBuildFile; fileRef = 26922C8A1FCD4606002AF655 /* HNHomeTitleModel.m */; };
		26922C8F1FCD5432002AF655 /* HNHomeNewsCell.m in Sources */ = {isa = PBXBuildFile; fileRef = 26922C8D1FCD5432002AF655 /* HNHomeNewsCell.m */; };
		26922C901FCD5432002AF655 /* HNHomeNewsCell.xib in Resources */ = {isa = PBXBuildFile; fileRef = 26922C8E1FCD5432002AF655 /* HNHomeNewsCell.xib */; };
		26922C931FCD54C7002AF655 /* HNHomeNewsCellViewModel.m in Sources */ = {isa = PBXBuildFile; fileRef = 26922C921FCD54C7002AF655 /* HNHomeNewsCellViewModel.m */; };
		26922C991FCD5546002AF655 /* HNHomeNewsRequest.m in Sources */ = {isa = PBXBuildFile; fileRef = 26922C981FCD5546002AF655 /* HNHomeNewsRequest.m */; };
		26922C9C1FCD572B002AF655 /* HNHomeNewsModel.m in Sources */ = {isa = PBXBuildFile; fileRef = 26922C9B1FCD572B002AF655 /* HNHomeNewsModel.m */; };
		26922CA51FCE5D91002AF655 /* UIImage+EX.m in Sources */ = {isa = PBXBuildFile; fileRef = 26922CA41FCE5D91002AF655 /* UIImage+EX.m */; };
		26922CAF1FCEAA03002AF655 /* HNMicroHeadlineNewVC.m in Sources */ = {isa = PBXBuildFile; fileRef = 26922CAD1FCEAA03002AF655 /* HNMicroHeadlineNewVC.m */; };
		26922CB21FCEAFC4002AF655 /* HNMicroHeadlineViewModel.m in Sources */ = {isa = PBXBuildFile; fileRef = 26922CB11FCEAFC4002AF655 /* HNMicroHeadlineViewModel.m */; };
		26922CB51FCEB163002AF655 /* HNMicroHeadlineRequest.m in Sources */ = {isa = PBXBuildFile; fileRef = 26922CB41FCEB163002AF655 /* HNMicroHeadlineRequest.m */; };
		26922CB81FCEB483002AF655 /* HNMicroHeadlineModel.m in Sources */ = {isa = PBXBuildFile; fileRef = 26922CB71FCEB483002AF655 /* HNMicroHeadlineModel.m */; };
		26922CBF1FCF9DD5002AF655 /* HNMineVC.m in Sources */ = {isa = PBXBuildFile; fileRef = 26922CBC1FCF9DD5002AF655 /* HNMineVC.m */; };
		26922CC21FCF9E07002AF655 /* HNMicroCell.m in Sources */ = {isa = PBXBuildFile; fileRef = 26922CC11FCF9E07002AF655 /* HNMicroCell.m */; };
		2697FB801FEA6E6500C4F63E /* HNContentNewsCell.m in Sources */ = {isa = PBXBuildFile; fileRef = 2697FB7E1FEA6E6500C4F63E /* HNContentNewsCell.m */; };
		2697FB811FEA6E6500C4F63E /* HNContentNewsCell.xib in Resources */ = {isa = PBXBuildFile; fileRef = 2697FB7F1FEA6E6500C4F63E /* HNContentNewsCell.xib */; };
		26DF00881FDA5D07000150FA /* HNMicroLayout.m in Sources */ = {isa = PBXBuildFile; fileRef = 26DF00871FDA5D07000150FA /* HNMicroLayout.m */; };
		26DF008E1FDCE527000150FA /* HNImageViewContainer.m in Sources */ = {isa = PBXBuildFile; fileRef = 26DF008D1FDCE527000150FA /* HNImageViewContainer.m */; };
		26FE10F71FEA0A2F009DE78B /* HNOptionView.m in Sources */ = {isa = PBXBuildFile; fileRef = 26FE10F61FEA0A2F009DE78B /* HNOptionView.m */; };
		B36B47A6A7E839157FB174E9 /* libPods-headlineNews.a in Frameworks */ = {isa = PBXBuildFile; fileRef = 978C3F33549E969A471F0532 /* libPods-headlineNews.a */; };
/* End PBXBuildFile section */

/* Begin PBXFileReference section */
		2607B5E11FC6C0DF000AF380 /* HNChannelModel.h */ = {isa = PBXFileReference; lastKnownFileType = sourcecode.c.h; path = HNChannelModel.h; sourceTree = "<group>"; };
		2607B5E21FC6C0DF000AF380 /* HNChannelModel.m */ = {isa = PBXFileReference; lastKnownFileType = sourcecode.c.objc; path = HNChannelModel.m; sourceTree = "<group>"; };
		2607B5E41FC6CA56000AF380 /* HNButton.h */ = {isa = PBXFileReference; lastKnownFileType = sourcecode.c.h; path = HNButton.h; sourceTree = "<group>"; };
		2607B5E51FC6CA56000AF380 /* HNButton.m */ = {isa = PBXFileReference; lastKnownFileType = sourcecode.c.objc; path = HNButton.m; sourceTree = "<group>"; };
		2607B5E71FC7C929000AF380 /* HNTitleView.h */ = {isa = PBXFileReference; lastKnownFileType = sourcecode.c.h; path = HNTitleView.h; sourceTree = "<group>"; };
		2607B5E81FC7C929000AF380 /* HNTitleView.m */ = {isa = PBXFileReference; lastKnownFileType = sourcecode.c.objc; path = HNTitleView.m; sourceTree = "<group>"; };
		2607B5EC1FC7CC77000AF380 /* HNTitleView.xib */ = {isa = PBXFileReference; lastKnownFileType = file.xib; path = HNTitleView.xib; sourceTree = "<group>"; };
		2624376C1FBE7BC300BAA1B6 /* headlineNews.app */ = {isa = PBXFileReference; explicitFileType = wrapper.application; includeInIndex = 0; path = headlineNews.app; sourceTree = BUILT_PRODUCTS_DIR; };
		262437991FBE805800BAA1B6 /* AppDelegate.m */ = {isa = PBXFileReference; fileEncoding = 4; lastKnownFileType = sourcecode.c.objc; path = AppDelegate.m; sourceTree = "<group>"; };
		2624379A1FBE805800BAA1B6 /* AppDelegate.h */ = {isa = PBXFileReference; fileEncoding = 4; lastKnownFileType = sourcecode.c.h; path = AppDelegate.h; sourceTree = "<group>"; };
		2624379F1FBE805800BAA1B6 /* Base */ = {isa = PBXFileReference; lastKnownFileType = file.storyboard; name = Base; path = LaunchScreen.storyboard; sourceTree = "<group>"; };
		262437A11FBE805800BAA1B6 /* Base */ = {isa = PBXFileReference; lastKnownFileType = file.storyboard; name = Base; path = Main.storyboard; sourceTree = "<group>"; };
		262437A21FBE805800BAA1B6 /* Assets.xcassets */ = {isa = PBXFileReference; lastKnownFileType = folder.assetcatalog; path = Assets.xcassets; sourceTree = "<group>"; };
		262437A31FBE805800BAA1B6 /* main.m */ = {isa = PBXFileReference; fileEncoding = 4; lastKnownFileType = sourcecode.c.objc; path = main.m; sourceTree = "<group>"; };
		262437A41FBE805800BAA1B6 /* Info.plist */ = {isa = PBXFileReference; fileEncoding = 4; lastKnownFileType = text.plist.xml; path = Info.plist; sourceTree = "<group>"; };
		262437C61FBE910400BAA1B6 /* HNTabBarController.h */ = {isa = PBXFileReference; lastKnownFileType = sourcecode.c.h; path = HNTabBarController.h; sourceTree = "<group>"; };
		262437C71FBE910400BAA1B6 /* HNTabBarController.m */ = {isa = PBXFileReference; lastKnownFileType = sourcecode.c.objc; path = HNTabBarController.m; sourceTree = "<group>"; };
		262437C91FBE912200BAA1B6 /* HNNavigationController.h */ = {isa = PBXFileReference; lastKnownFileType = sourcecode.c.h; path = HNNavigationController.h; sourceTree = "<group>"; };
		262437CA1FBE912200BAA1B6 /* HNNavigationController.m */ = {isa = PBXFileReference; lastKnownFileType = sourcecode.c.objc; path = HNNavigationController.m; sourceTree = "<group>"; };
		262437CC1FBEB60500BAA1B6 /* HNHeader.h */ = {isa = PBXFileReference; lastKnownFileType = sourcecode.c.h; path = HNHeader.h; sourceTree = "<group>"; };
		262437CD1FBEB60500BAA1B6 /* HNHeader.m */ = {isa = PBXFileReference; lastKnownFileType = sourcecode.c.objc; path = HNHeader.m; sourceTree = "<group>"; };
		262437D61FBEDDBA00BAA1B6 /* UITabBar+HNTabber.h */ = {isa = PBXFileReference; lastKnownFileType = sourcecode.c.h; path = "UITabBar+HNTabber.h"; sourceTree = "<group>"; };
		262437D71FBEDDBA00BAA1B6 /* UITabBar+HNTabber.m */ = {isa = PBXFileReference; lastKnownFileType = sourcecode.c.objc; path = "UITabBar+HNTabber.m"; sourceTree = "<group>"; };
		262437DC1FC153D500BAA1B6 /* HNBaseViewController.h */ = {isa = PBXFileReference; lastKnownFileType = sourcecode.c.h; path = HNBaseViewController.h; sourceTree = "<group>"; };
		262437DD1FC153D500BAA1B6 /* HNBaseViewController.m */ = {isa = PBXFileReference; lastKnownFileType = sourcecode.c.objc; path = HNBaseViewController.m; sourceTree = "<group>"; };
		262437EF1FC2BB8A00BAA1B6 /* HNRefreshFooter.h */ = {isa = PBXFileReference; fileEncoding = 4; lastKnownFileType = sourcecode.c.h; path = HNRefreshFooter.h; sourceTree = "<group>"; };
		262437F01FC2BB8A00BAA1B6 /* HNRefreshFooter.m */ = {isa = PBXFileReference; fileEncoding = 4; lastKnownFileType = sourcecode.c.objc; path = HNRefreshFooter.m; sourceTree = "<group>"; };
		262437F11FC2BB8A00BAA1B6 /* HNRefreshGifHeader.h */ = {isa = PBXFileReference; fileEncoding = 4; lastKnownFileType = sourcecode.c.h; path = HNRefreshGifHeader.h; sourceTree = "<group>"; };
		262437F21FC2BB8A00BAA1B6 /* HNRefreshGifHeader.m */ = {isa = PBXFileReference; fileEncoding = 4; lastKnownFileType = sourcecode.c.objc; path = HNRefreshGifHeader.m; sourceTree = "<group>"; };
		262437F31FC2BB8A00BAA1B6 /* UIView+AnimationExtend.h */ = {isa = PBXFileReference; fileEncoding = 4; lastKnownFileType = sourcecode.c.h; path = "UIView+AnimationExtend.h"; sourceTree = "<group>"; };
		262437F41FC2BB8A00BAA1B6 /* UIView+AnimationExtend.m */ = {isa = PBXFileReference; fileEncoding = 4; lastKnownFileType = sourcecode.c.objc; path = "UIView+AnimationExtend.m"; sourceTree = "<group>"; };
		262437F51FC2BB8A00BAA1B6 /* UIView+Frame.h */ = {isa = PBXFileReference; fileEncoding = 4; lastKnownFileType = sourcecode.c.h; path = "UIView+Frame.h"; sourceTree = "<group>"; };
		262437F61FC2BB8A00BAA1B6 /* UIView+Frame.m */ = {isa = PBXFileReference; fileEncoding = 4; lastKnownFileType = sourcecode.c.objc; path = "UIView+Frame.m"; sourceTree = "<group>"; };
		262437FF1FC2BBF100BAA1B6 /* HNURLManager.h */ = {isa = PBXFileReference; lastKnownFileType = sourcecode.c.h; path = HNURLManager.h; sourceTree = "<group>"; };
		262438001FC2BBF100BAA1B6 /* HNURLManager.m */ = {isa = PBXFileReference; lastKnownFileType = sourcecode.c.objc; path = HNURLManager.m; sourceTree = "<group>"; };
		26288DC51FD7EF61003A684F /* HNDiskCacheHelper.h */ = {isa = PBXFileReference; lastKnownFileType = sourcecode.c.h; path = HNDiskCacheHelper.h; sourceTree = "<group>"; };
		26288DC61FD7EF61003A684F /* YNDiskCacheHelper.m */ = {isa = PBXFileReference; lastKnownFileType = sourcecode.c.objc; path = YNDiskCacheHelper.m; sourceTree = "<group>"; };
		26288DC81FD8D812003A684F /* HNEmoticonHelper.h */ = {isa = PBXFileReference; lastKnownFileType = sourcecode.c.h; path = HNEmoticonHelper.h; sourceTree = "<group>"; };
		26288DC91FD8D812003A684F /* HNEmoticonHelper.m */ = {isa = PBXFileReference; lastKnownFileType = sourcecode.c.objc; path = HNEmoticonHelper.m; sourceTree = "<group>"; };
		262F9299207B520A00DBD209 /* HNMicroVideoCollectionViewCell.h */ = {isa = PBXFileReference; lastKnownFileType = sourcecode.c.h; path = HNMicroVideoCollectionViewCell.h; sourceTree = "<group>"; };
		262F929A207B520A00DBD209 /* HNMicroVideoCollectionViewCell.m */ = {isa = PBXFileReference; lastKnownFileType = sourcecode.c.objc; path = HNMicroVideoCollectionViewCell.m; sourceTree = "<group>"; };
		2631DB34207CC024004E08DE /* HNMicroVideoViewModel.h */ = {isa = PBXFileReference; lastKnownFileType = sourcecode.c.h; path = HNMicroVideoViewModel.h; sourceTree = "<group>"; };
		2631DB35207CC024004E08DE /* HNMicroVideoViewModel.m */ = {isa = PBXFileReference; lastKnownFileType = sourcecode.c.objc; path = HNMicroVideoViewModel.m; sourceTree = "<group>"; };
		2631DB3A207CC0EF004E08DE /* HNMicoVideoRequest.h */ = {isa = PBXFileReference; lastKnownFileType = sourcecode.c.h; path = HNMicoVideoRequest.h; sourceTree = "<group>"; };
		2631DB3B207CC0EF004E08DE /* HNMicoVideoRequest.m */ = {isa = PBXFileReference; lastKnownFileType = sourcecode.c.objc; path = HNMicoVideoRequest.m; sourceTree = "<group>"; };
		2631DB3D207CC585004E08DE /* HNMicroVideoModel.h */ = {isa = PBXFileReference; lastKnownFileType = sourcecode.c.h; path = HNMicroVideoModel.h; sourceTree = "<group>"; };
		2631DB3E207CC585004E08DE /* HNMicroVideoModel.m */ = {isa = PBXFileReference; lastKnownFileType = sourcecode.c.objc; path = HNMicroVideoModel.m; sourceTree = "<group>"; };
		2636BDC520033AE4005A2BCF /* HNMineHeaderView.h */ = {isa = PBXFileReference; lastKnownFileType = sourcecode.c.h; path = HNMineHeaderView.h; sourceTree = "<group>"; };
		2636BDC620033AE4005A2BCF /* HNMineHeaderView.m */ = {isa = PBXFileReference; lastKnownFileType = sourcecode.c.objc; path = HNMineHeaderView.m; sourceTree = "<group>"; };
		2655F2301FC3C61B0027C6C4 /* 290-cai978.ttf */ = {isa = PBXFileReference; lastKnownFileType = file; path = "290-cai978.ttf"; sourceTree = "<group>"; };
		2655F2311FC3C61B0027C6C4 /* ChatroomIconFont.ttf */ = {isa = PBXFileReference; lastKnownFileType = file; path = ChatroomIconFont.ttf; sourceTree = "<group>"; };
		2655F2321FC3C61B0027C6C4 /* iconfont.ttf */ = {isa = PBXFileReference; lastKnownFileType = file; path = iconfont.ttf; sourceTree = "<group>"; };
		2655F2331FC3C61B0027C6C4 /* new_icon.ttf */ = {isa = PBXFileReference; lastKnownFileType = file; path = new_icon.ttf; sourceTree = "<group>"; };
		2655F2341FC3C61B0027C6C4 /* wd_iconfont.ttf */ = {isa = PBXFileReference; lastKnownFileType = file; path = wd_iconfont.ttf; sourceTree = "<group>"; };
		2655F23A1FC3CBFB0027C6C4 /* HNNavigationBar.h */ = {isa = PBXFileReference; lastKnownFileType = sourcecode.c.h; path = HNNavigationBar.h; sourceTree = "<group>"; };
		2655F23B1FC3CBFB0027C6C4 /* HNNavigationBar.m */ = {isa = PBXFileReference; lastKnownFileType = sourcecode.c.objc; path = HNNavigationBar.m; sourceTree = "<group>"; };
		2655F2601FC40E660027C6C4 /* UIButton+EX.m */ = {isa = PBXFileReference; fileEncoding = 4; lastKnownFileType = sourcecode.c.objc; path = "UIButton+EX.m"; sourceTree = "<group>"; };
		2655F2611FC40E660027C6C4 /* UIButton+EX.h */ = {isa = PBXFileReference; fileEncoding = 4; lastKnownFileType = sourcecode.c.h; path = "UIButton+EX.h"; sourceTree = "<group>"; };
		2655F2641FC427080027C6C4 /* HNChannelView.h */ = {isa = PBXFileReference; lastKnownFileType = sourcecode.c.h; path = HNChannelView.h; sourceTree = "<group>"; };
		2655F2651FC427080027C6C4 /* HNChannelView.m */ = {isa = PBXFileReference; lastKnownFileType = sourcecode.c.objc; path = HNChannelView.m; sourceTree = "<group>"; };
		2655F2671FC4289F0027C6C4 /* HNNetWorkManager.m */ = {isa = PBXFileReference; fileEncoding = 4; lastKnownFileType = sourcecode.c.objc; path = HNNetWorkManager.m; sourceTree = "<group>"; };
		2655F2681FC4289F0027C6C4 /* HNNetWorkBaseModel.m */ = {isa = PBXFileReference; fileEncoding = 4; lastKnownFileType = sourcecode.c.objc; path = HNNetWorkBaseModel.m; sourceTree = "<group>"; };
		2655F2691FC4289F0027C6C4 /* HNNetWorkBaseModel.h */ = {isa = PBXFileReference; fileEncoding = 4; lastKnownFileType = sourcecode.c.h; path = HNNetWorkBaseModel.h; sourceTree = "<group>"; };
		2655F26A1FC4289F0027C6C4 /* HNNetWorkManager.h */ = {isa = PBXFileReference; fileEncoding = 4; lastKnownFileType = sourcecode.c.h; path = HNNetWorkManager.h; sourceTree = "<group>"; };
		2655F26D1FC4290C0027C6C4 /* MBProgressHUD+Add.h */ = {isa = PBXFileReference; fileEncoding = 4; lastKnownFileType = sourcecode.c.h; path = "MBProgressHUD+Add.h"; sourceTree = "<group>"; };
		2655F26E1FC4290C0027C6C4 /* MBProgressHUD+Add.m */ = {isa = PBXFileReference; fileEncoding = 4; lastKnownFileType = sourcecode.c.objc; path = "MBProgressHUD+Add.m"; sourceTree = "<group>"; };
		2655F2731FC431E10027C6C4 /* HNVideoVC.h */ = {isa = PBXFileReference; fileEncoding = 4; lastKnownFileType = sourcecode.c.h; path = HNVideoVC.h; sourceTree = "<group>"; };
		2655F2741FC431E10027C6C4 /* HNVideoVC.m */ = {isa = PBXFileReference; fileEncoding = 4; lastKnownFileType = sourcecode.c.objc; path = HNVideoVC.m; sourceTree = "<group>"; };
		2655F2771FC4322B0027C6C4 /* HNVideoPageVC.h */ = {isa = PBXFileReference; lastKnownFileType = sourcecode.c.h; path = HNVideoPageVC.h; sourceTree = "<group>"; };
		2655F2781FC4322B0027C6C4 /* HNVideoPageVC.m */ = {isa = PBXFileReference; lastKnownFileType = sourcecode.c.objc; path = HNVideoPageVC.m; sourceTree = "<group>"; };
		2655F27A1FC55DFE0027C6C4 /* HNVideoTitleModel.h */ = {isa = PBXFileReference; lastKnownFileType = sourcecode.c.h; path = HNVideoTitleModel.h; sourceTree = "<group>"; };
		2655F27B1FC55DFE0027C6C4 /* HNVideoTitleModel.m */ = {isa = PBXFileReference; lastKnownFileType = sourcecode.c.objc; path = HNVideoTitleModel.m; sourceTree = "<group>"; };
		2655F27D1FC55EB00027C6C4 /* HNVideoTitleViewModel.h */ = {isa = PBXFileReference; lastKnownFileType = sourcecode.c.h; path = HNVideoTitleViewModel.h; sourceTree = "<group>"; };
		2655F27E1FC55EB00027C6C4 /* HNVideoTitleViewModel.m */ = {isa = PBXFileReference; lastKnownFileType = sourcecode.c.objc; path = HNVideoTitleViewModel.m; sourceTree = "<group>"; };
		2655F2801FC55FC30027C6C4 /* HNTitleRequest.h */ = {isa = PBXFileReference; lastKnownFileType = sourcecode.c.h; path = HNTitleRequest.h; sourceTree = "<group>"; };
		2655F2811FC55FC30027C6C4 /* HNTitleRequest.m */ = {isa = PBXFileReference; lastKnownFileType = sourcecode.c.objc; path = HNTitleRequest.m; sourceTree = "<group>"; };
		2655F2831FC56CFF0027C6C4 /* HNVideoListRequst.h */ = {isa = PBXFileReference; lastKnownFileType = sourcecode.c.h; path = HNVideoListRequst.h; sourceTree = "<group>"; };
		2655F2841FC56CFF0027C6C4 /* HNVideoListRequst.m */ = {isa = PBXFileReference; lastKnownFileType = sourcecode.c.objc; path = HNVideoListRequst.m; sourceTree = "<group>"; };
		2655F2861FC56D1B0027C6C4 /* HNVideoListViewModel.h */ = {isa = PBXFileReference; lastKnownFileType = sourcecode.c.h; path = HNVideoListViewModel.h; sourceTree = "<group>"; };
		2655F2871FC56D1B0027C6C4 /* HNVideoListViewModel.m */ = {isa = PBXFileReference; lastKnownFileType = sourcecode.c.objc; path = HNVideoListViewModel.m; sourceTree = "<group>"; };
		2655F2891FC5782C0027C6C4 /* HNVideoListModel.h */ = {isa = PBXFileReference; lastKnownFileType = sourcecode.c.h; path = HNVideoListModel.h; sourceTree = "<group>"; };
		2655F28A1FC5782C0027C6C4 /* HNVideoListModel.m */ = {isa = PBXFileReference; lastKnownFileType = sourcecode.c.objc; path = HNVideoListModel.m; sourceTree = "<group>"; };
		2655F28F1FC69C010027C6C4 /* HNVideoCell.h */ = {isa = PBXFileReference; lastKnownFileType = sourcecode.c.h; path = HNVideoCell.h; sourceTree = "<group>"; };
		2655F2901FC69C010027C6C4 /* HNVideoCell.m */ = {isa = PBXFileReference; lastKnownFileType = sourcecode.c.objc; path = HNVideoCell.m; sourceTree = "<group>"; };
		2655F2911FC69C010027C6C4 /* HNVideoCell.xib */ = {isa = PBXFileReference; lastKnownFileType = file.xib; path = HNVideoCell.xib; sourceTree = "<group>"; };
		2655F2951FC6A5A70027C6C4 /* HNBaseViewModel.h */ = {isa = PBXFileReference; lastKnownFileType = sourcecode.c.h; path = HNBaseViewModel.h; sourceTree = "<group>"; };
		2655F2961FC6A5A70027C6C4 /* HNBaseViewModel.m */ = {isa = PBXFileReference; lastKnownFileType = sourcecode.c.objc; path = HNBaseViewModel.m; sourceTree = "<group>"; };
		2669FA62207A06040027504F /* HNMicroVideoVC.h */ = {isa = PBXFileReference; lastKnownFileType = sourcecode.c.h; path = HNMicroVideoVC.h; sourceTree = "<group>"; };
		2669FA63207A06040027504F /* HNMicroVideoVC.m */ = {isa = PBXFileReference; lastKnownFileType = sourcecode.c.objc; path = HNMicroVideoVC.m; sourceTree = "<group>"; };
		267D2389200C8A9100A348DB /* UIScrollView+EX.h */ = {isa = PBXFileReference; lastKnownFileType = sourcecode.c.h; path = "UIScrollView+EX.h"; sourceTree = "<group>"; };
		267D238A200C8A9100A348DB /* UIScrollView+EX.m */ = {isa = PBXFileReference; lastKnownFileType = sourcecode.c.objc; path = "UIScrollView+EX.m"; sourceTree = "<group>"; };
		267D23BE200F5D1C00A348DB /* HNMicroContentVC.h */ = {isa = PBXFileReference; lastKnownFileType = sourcecode.c.h; path = HNMicroContentVC.h; sourceTree = "<group>"; };
		267D23BF200F5D1C00A348DB /* HNMicroContentVC.m */ = {isa = PBXFileReference; lastKnownFileType = sourcecode.c.objc; path = HNMicroContentVC.m; sourceTree = "<group>"; };
		267F29721FD3BFC50059362A /* HNEmitterHelper.h */ = {isa = PBXFileReference; lastKnownFileType = sourcecode.c.h; path = HNEmitterHelper.h; sourceTree = "<group>"; };
		267F29731FD3BFC50059362A /* HNEmitterHelper.m */ = {isa = PBXFileReference; lastKnownFileType = sourcecode.c.objc; path = HNEmitterHelper.m; sourceTree = "<group>"; };
		267F29761FD6A3BA0059362A /* HNHomeJokeModel.h */ = {isa = PBXFileReference; lastKnownFileType = sourcecode.c.h; path = HNHomeJokeModel.h; sourceTree = "<group>"; };
		267F29771FD6A3BA0059362A /* HNHomeJokeModel.m */ = {isa = PBXFileReference; lastKnownFileType = sourcecode.c.objc; path = HNHomeJokeModel.m; sourceTree = "<group>"; };
		267F29791FD6A6B80059362A /* HNHomeJokeCell.h */ = {isa = PBXFileReference; lastKnownFileType = sourcecode.c.h; path = HNHomeJokeCell.h; sourceTree = "<group>"; };
		267F297A1FD6A6B80059362A /* HNHomeJokeCell.m */ = {isa = PBXFileReference; lastKnownFileType = sourcecode.c.objc; path = HNHomeJokeCell.m; sourceTree = "<group>"; };
		267F297B1FD6A6B80059362A /* HNHomeJokeCell.xib */ = {isa = PBXFileReference; lastKnownFileType = file.xib; path = HNHomeJokeCell.xib; sourceTree = "<group>"; };
		267F297E1FD78CC40059362A /* HNHomeWebVC.h */ = {isa = PBXFileReference; lastKnownFileType = sourcecode.c.h; path = HNHomeWebVC.h; sourceTree = "<group>"; };
		267F297F1FD78CC40059362A /* HNHomeWebVC.m */ = {isa = PBXFileReference; lastKnownFileType = sourcecode.c.objc; path = HNHomeWebVC.m; sourceTree = "<group>"; };
		26886A882016D25300ACD6F5 /* LBLoadError.jpg */ = {isa = PBXFileReference; lastKnownFileType = image.jpeg; path = LBLoadError.jpg; sourceTree = "<group>"; };
		26886A892016D25300ACD6F5 /* LBLoading.png */ = {isa = PBXFileReference; lastKnownFileType = image.png; path = LBLoading.png; sourceTree = "<group>"; };
		26886A8A2016D25300ACD6F5 /* LBLoadingView.h */ = {isa = PBXFileReference; fileEncoding = 4; lastKnownFileType = sourcecode.c.h; path = LBLoadingView.h; sourceTree = "<group>"; };
		26886A8B2016D25300ACD6F5 /* LBLoadingView.m */ = {isa = PBXFileReference; fileEncoding = 4; lastKnownFileType = sourcecode.c.objc; path = LBLoadingView.m; sourceTree = "<group>"; };
		26886A8C2016D25300ACD6F5 /* LBOptionView.h */ = {isa = PBXFileReference; fileEncoding = 4; lastKnownFileType = sourcecode.c.h; path = LBOptionView.h; sourceTree = "<group>"; };
		26886A8D2016D25300ACD6F5 /* LBOptionView.m */ = {isa = PBXFileReference; fileEncoding = 4; lastKnownFileType = sourcecode.c.objc; path = LBOptionView.m; sourceTree = "<group>"; };
		26886A8E2016D25300ACD6F5 /* LBPhotoBrowserConst.h */ = {isa = PBXFileReference; fileEncoding = 4; lastKnownFileType = sourcecode.c.h; path = LBPhotoBrowserConst.h; sourceTree = "<group>"; };
		26886A8F2016D25300ACD6F5 /* LBPhotoBrowserConst.m */ = {isa = PBXFileReference; fileEncoding = 4; lastKnownFileType = sourcecode.c.objc; path = LBPhotoBrowserConst.m; sourceTree = "<group>"; };
		26886A902016D25300ACD6F5 /* LBPhotoBrowserManager.h */ = {isa = PBXFileReference; fileEncoding = 4; lastKnownFileType = sourcecode.c.h; path = LBPhotoBrowserManager.h; sourceTree = "<group>"; };
		26886A912016D25300ACD6F5 /* LBPhotoBrowserManager.m */ = {isa = PBXFileReference; fileEncoding = 4; lastKnownFileType = sourcecode.c.objc; path = LBPhotoBrowserManager.m; sourceTree = "<group>"; };
		26886A922016D25300ACD6F5 /* LBPhotoBrowserView.h */ = {isa = PBXFileReference; fileEncoding = 4; lastKnownFileType = sourcecode.c.h; path = LBPhotoBrowserView.h; sourceTree = "<group>"; };
		26886A932016D25300ACD6F5 /* LBPhotoBrowserView.m */ = {isa = PBXFileReference; fileEncoding = 4; lastKnownFileType = sourcecode.c.objc; path = LBPhotoBrowserView.m; sourceTree = "<group>"; };
		26886A942016D25300ACD6F5 /* LBTapDetectingImageView.h */ = {isa = PBXFileReference; fileEncoding = 4; lastKnownFileType = sourcecode.c.h; path = LBTapDetectingImageView.h; sourceTree = "<group>"; };
		26886A952016D25300ACD6F5 /* LBTapDetectingImageView.m */ = {isa = PBXFileReference; fileEncoding = 4; lastKnownFileType = sourcecode.c.objc; path = LBTapDetectingImageView.m; sourceTree = "<group>"; };
		26886A962016D25300ACD6F5 /* LBZoomScrollView.h */ = {isa = PBXFileReference; fileEncoding = 4; lastKnownFileType = sourcecode.c.h; path = LBZoomScrollView.h; sourceTree = "<group>"; };
		26886A972016D25300ACD6F5 /* LBZoomScrollView.m */ = {isa = PBXFileReference; fileEncoding = 4; lastKnownFileType = sourcecode.c.objc; path = LBZoomScrollView.m; sourceTree = "<group>"; };
		26886A982016D25300ACD6F5 /* UIImage+LBDecoder.h */ = {isa = PBXFileReference; fileEncoding = 4; lastKnownFileType = sourcecode.c.h; path = "UIImage+LBDecoder.h"; sourceTree = "<group>"; };
		26886A992016D25300ACD6F5 /* UIImage+LBDecoder.m */ = {isa = PBXFileReference; fileEncoding = 4; lastKnownFileType = sourcecode.c.objc; path = "UIImage+LBDecoder.m"; sourceTree = "<group>"; };
		26886A9A2016D25300ACD6F5 /* UIView+LBFrame.h */ = {isa = PBXFileReference; fileEncoding = 4; lastKnownFileType = sourcecode.c.h; path = "UIView+LBFrame.h"; sourceTree = "<group>"; };
		26886A9B2016D25300ACD6F5 /* UIView+LBFrame.m */ = {isa = PBXFileReference; fileEncoding = 4; lastKnownFileType = sourcecode.c.objc; path = "UIView+LBFrame.m"; sourceTree = "<group>"; };
		26922C5A1FCC13C4002AF655 /* WMProgressView.m */ = {isa = PBXFileReference; fileEncoding = 4; lastKnownFileType = sourcecode.c.objc; path = WMProgressView.m; sourceTree = "<group>"; };
		26922C5B1FCC13C4002AF655 /* WMScrollView.m */ = {isa = PBXFileReference; fileEncoding = 4; lastKnownFileType = sourcecode.c.objc; path = WMScrollView.m; sourceTree = "<group>"; };
		26922C5C1FCC13C4002AF655 /* WMProgressView.h */ = {isa = PBXFileReference; fileEncoding = 4; lastKnownFileType = sourcecode.c.h; path = WMProgressView.h; sourceTree = "<group>"; };
		26922C5D1FCC13C4002AF655 /* WMPageController.m */ = {isa = PBXFileReference; fileEncoding = 4; lastKnownFileType = sourcecode.c.objc; path = WMPageController.m; sourceTree = "<group>"; };
		26922C5E1FCC13C4002AF655 /* WMMenuItem.m */ = {isa = PBXFileReference; fileEncoding = 4; lastKnownFileType = sourcecode.c.objc; path = WMMenuItem.m; sourceTree = "<group>"; };
		26922C5F1FCC13C5002AF655 /* WMMenuView.m */ = {isa = PBXFileReference; fileEncoding = 4; lastKnownFileType = sourcecode.c.objc; path = WMMenuView.m; sourceTree = "<group>"; };
		26922C601FCC13C5002AF655 /* WMMenuView.h */ = {isa = PBXFileReference; fileEncoding = 4; lastKnownFileType = sourcecode.c.h; path = WMMenuView.h; sourceTree = "<group>"; };
		26922C611FCC13C5002AF655 /* WMScrollView.h */ = {isa = PBXFileReference; fileEncoding = 4; lastKnownFileType = sourcecode.c.h; path = WMScrollView.h; sourceTree = "<group>"; };
		26922C621FCC13C5002AF655 /* WMPageController.h */ = {isa = PBXFileReference; fileEncoding = 4; lastKnownFileType = sourcecode.c.h; path = WMPageController.h; sourceTree = "<group>"; };
		26922C631FCC13C5002AF655 /* WMMenuItem.h */ = {isa = PBXFileReference; fileEncoding = 4; lastKnownFileType = sourcecode.c.h; path = WMMenuItem.h; sourceTree = "<group>"; };
		26922C781FCD41D4002AF655 /* HNDetailVC.h */ = {isa = PBXFileReference; fileEncoding = 4; lastKnownFileType = sourcecode.c.h; path = HNDetailVC.h; sourceTree = "<group>"; };
		26922C791FCD41D4002AF655 /* HNDetailVC.m */ = {isa = PBXFileReference; fileEncoding = 4; lastKnownFileType = sourcecode.c.objc; path = HNDetailVC.m; sourceTree = "<group>"; };
		26922C7A1FCD41D4002AF655 /* HNHomeVC.h */ = {isa = PBXFileReference; fileEncoding = 4; lastKnownFileType = sourcecode.c.h; path = HNHomeVC.h; sourceTree = "<group>"; };
		26922C7B1FCD41D4002AF655 /* HNHomeVC.m */ = {isa = PBXFileReference; fileEncoding = 4; lastKnownFileType = sourcecode.c.objc; path = HNHomeVC.m; sourceTree = "<group>"; };
		26922C801FCD4219002AF655 /* HNHomeTitleRequest.h */ = {isa = PBXFileReference; lastKnownFileType = sourcecode.c.h; path = HNHomeTitleRequest.h; sourceTree = "<group>"; };
		26922C811FCD4219002AF655 /* HNHomeTitleRequest.m */ = {isa = PBXFileReference; lastKnownFileType = sourcecode.c.objc; path = HNHomeTitleRequest.m; sourceTree = "<group>"; };
		26922C831FCD4288002AF655 /* HNHomeTitleViewModel.h */ = {isa = PBXFileReference; lastKnownFileType = sourcecode.c.h; path = HNHomeTitleViewModel.h; sourceTree = "<group>"; };
		26922C841FCD4288002AF655 /* HNHomeTitleViewModel.m */ = {isa = PBXFileReference; lastKnownFileType = sourcecode.c.objc; path = HNHomeTitleViewModel.m; sourceTree = "<group>"; };
		26922C891FCD4606002AF655 /* HNHomeTitleModel.h */ = {isa = PBXFileReference; lastKnownFileType = sourcecode.c.h; path = HNHomeTitleModel.h; sourceTree = "<group>"; };
		26922C8A1FCD4606002AF655 /* HNHomeTitleModel.m */ = {isa = PBXFileReference; lastKnownFileType = sourcecode.c.objc; path = HNHomeTitleModel.m; sourceTree = "<group>"; };
		26922C8C1FCD5432002AF655 /* HNHomeNewsCell.h */ = {isa = PBXFileReference; lastKnownFileType = sourcecode.c.h; path = HNHomeNewsCell.h; sourceTree = "<group>"; };
		26922C8D1FCD5432002AF655 /* HNHomeNewsCell.m */ = {isa = PBXFileReference; lastKnownFileType = sourcecode.c.objc; path = HNHomeNewsCell.m; sourceTree = "<group>"; };
		26922C8E1FCD5432002AF655 /* HNHomeNewsCell.xib */ = {isa = PBXFileReference; lastKnownFileType = file.xib; path = HNHomeNewsCell.xib; sourceTree = "<group>"; };
		26922C911FCD54C7002AF655 /* HNHomeNewsCellViewModel.h */ = {isa = PBXFileReference; lastKnownFileType = sourcecode.c.h; path = HNHomeNewsCellViewModel.h; sourceTree = "<group>"; };
		26922C921FCD54C7002AF655 /* HNHomeNewsCellViewModel.m */ = {isa = PBXFileReference; lastKnownFileType = sourcecode.c.objc; path = HNHomeNewsCellViewModel.m; sourceTree = "<group>"; };
		26922C971FCD5546002AF655 /* HNHomeNewsRequest.h */ = {isa = PBXFileReference; lastKnownFileType = sourcecode.c.h; path = HNHomeNewsRequest.h; sourceTree = "<group>"; };
		26922C981FCD5546002AF655 /* HNHomeNewsRequest.m */ = {isa = PBXFileReference; lastKnownFileType = sourcecode.c.objc; path = HNHomeNewsRequest.m; sourceTree = "<group>"; };
		26922C9A1FCD572B002AF655 /* HNHomeNewsModel.h */ = {isa = PBXFileReference; lastKnownFileType = sourcecode.c.h; path = HNHomeNewsModel.h; sourceTree = "<group>"; };
		26922C9B1FCD572B002AF655 /* HNHomeNewsModel.m */ = {isa = PBXFileReference; lastKnownFileType = sourcecode.c.objc; path = HNHomeNewsModel.m; sourceTree = "<group>"; };
		26922CA31FCE5D91002AF655 /* UIImage+EX.h */ = {isa = PBXFileReference; lastKnownFileType = sourcecode.c.h; path = "UIImage+EX.h"; sourceTree = "<group>"; };
		26922CA41FCE5D91002AF655 /* UIImage+EX.m */ = {isa = PBXFileReference; lastKnownFileType = sourcecode.c.objc; path = "UIImage+EX.m"; sourceTree = "<group>"; };
		26922CAC1FCEAA03002AF655 /* HNMicroHeadlineNewVC.h */ = {isa = PBXFileReference; fileEncoding = 4; lastKnownFileType = sourcecode.c.h; path = HNMicroHeadlineNewVC.h; sourceTree = "<group>"; };
		26922CAD1FCEAA03002AF655 /* HNMicroHeadlineNewVC.m */ = {isa = PBXFileReference; fileEncoding = 4; lastKnownFileType = sourcecode.c.objc; path = HNMicroHeadlineNewVC.m; sourceTree = "<group>"; };
		26922CB01FCEAFC4002AF655 /* HNMicroHeadlineViewModel.h */ = {isa = PBXFileReference; lastKnownFileType = sourcecode.c.h; path = HNMicroHeadlineViewModel.h; sourceTree = "<group>"; };
		26922CB11FCEAFC4002AF655 /* HNMicroHeadlineViewModel.m */ = {isa = PBXFileReference; lastKnownFileType = sourcecode.c.objc; path = HNMicroHeadlineViewModel.m; sourceTree = "<group>"; };
		26922CB31FCEB163002AF655 /* HNMicroHeadlineRequest.h */ = {isa = PBXFileReference; lastKnownFileType = sourcecode.c.h; path = HNMicroHeadlineRequest.h; sourceTree = "<group>"; };
		26922CB41FCEB163002AF655 /* HNMicroHeadlineRequest.m */ = {isa = PBXFileReference; lastKnownFileType = sourcecode.c.objc; path = HNMicroHeadlineRequest.m; sourceTree = "<group>"; };
		26922CB61FCEB483002AF655 /* HNMicroHeadlineModel.h */ = {isa = PBXFileReference; lastKnownFileType = sourcecode.c.h; path = HNMicroHeadlineModel.h; sourceTree = "<group>"; };
		26922CB71FCEB483002AF655 /* HNMicroHeadlineModel.m */ = {isa = PBXFileReference; lastKnownFileType = sourcecode.c.objc; path = HNMicroHeadlineModel.m; sourceTree = "<group>"; };
		26922CBB1FCF9DD5002AF655 /* HNMineVC.h */ = {isa = PBXFileReference; fileEncoding = 4; lastKnownFileType = sourcecode.c.h; path = HNMineVC.h; sourceTree = "<group>"; };
		26922CBC1FCF9DD5002AF655 /* HNMineVC.m */ = {isa = PBXFileReference; fileEncoding = 4; lastKnownFileType = sourcecode.c.objc; path = HNMineVC.m; sourceTree = "<group>"; };
		26922CC01FCF9E07002AF655 /* HNMicroCell.h */ = {isa = PBXFileReference; lastKnownFileType = sourcecode.c.h; path = HNMicroCell.h; sourceTree = "<group>"; };
		26922CC11FCF9E07002AF655 /* HNMicroCell.m */ = {isa = PBXFileReference; lastKnownFileType = sourcecode.c.objc; path = HNMicroCell.m; sourceTree = "<group>"; };
		2697FB7D1FEA6E6500C4F63E /* HNContentNewsCell.h */ = {isa = PBXFileReference; lastKnownFileType = sourcecode.c.h; path = HNContentNewsCell.h; sourceTree = "<group>"; };
		2697FB7E1FEA6E6500C4F63E /* HNContentNewsCell.m */ = {isa = PBXFileReference; lastKnownFileType = sourcecode.c.objc; path = HNContentNewsCell.m; sourceTree = "<group>"; };
		2697FB7F1FEA6E6500C4F63E /* HNContentNewsCell.xib */ = {isa = PBXFileReference; lastKnownFileType = file.xib; path = HNContentNewsCell.xib; sourceTree = "<group>"; };
		26DF00861FDA5D07000150FA /* HNMicroLayout.h */ = {isa = PBXFileReference; lastKnownFileType = sourcecode.c.h; path = HNMicroLayout.h; sourceTree = "<group>"; };
		26DF00871FDA5D07000150FA /* HNMicroLayout.m */ = {isa = PBXFileReference; lastKnownFileType = sourcecode.c.objc; path = HNMicroLayout.m; sourceTree = "<group>"; };
		26DF008C1FDCE527000150FA /* HNImageViewContainer.h */ = {isa = PBXFileReference; fileEncoding = 4; lastKnownFileType = sourcecode.c.h; path = HNImageViewContainer.h; sourceTree = "<group>"; };
		26DF008D1FDCE527000150FA /* HNImageViewContainer.m */ = {isa = PBXFileReference; fileEncoding = 4; lastKnownFileType = sourcecode.c.objc; path = HNImageViewContainer.m; sourceTree = "<group>"; };
		26FE10F51FEA0A2F009DE78B /* HNOptionView.h */ = {isa = PBXFileReference; lastKnownFileType = sourcecode.c.h; path = HNOptionView.h; sourceTree = "<group>"; };
		26FE10F61FEA0A2F009DE78B /* HNOptionView.m */ = {isa = PBXFileReference; lastKnownFileType = sourcecode.c.objc; path = HNOptionView.m; sourceTree = "<group>"; };
		5540F9DE1170CC0E5C45249F /* Pods-headlineNews.debug.xcconfig */ = {isa = PBXFileReference; includeInIndex = 1; lastKnownFileType = text.xcconfig; name = "Pods-headlineNews.debug.xcconfig"; path = "Pods/Target Support Files/Pods-headlineNews/Pods-headlineNews.debug.xcconfig"; sourceTree = "<group>"; };
		5C56A316864F9359C35FD949 /* Pods-headlineNews.release.xcconfig */ = {isa = PBXFileReference; includeInIndex = 1; lastKnownFileType = text.xcconfig; name = "Pods-headlineNews.release.xcconfig"; path = "Pods/Target Support Files/Pods-headlineNews/Pods-headlineNews.release.xcconfig"; sourceTree = "<group>"; };
		978C3F33549E969A471F0532 /* libPods-headlineNews.a */ = {isa = PBXFileReference; explicitFileType = archive.ar; includeInIndex = 0; path = "libPods-headlineNews.a"; sourceTree = BUILT_PRODUCTS_DIR; };
/* End PBXFileReference section */

/* Begin PBXFrameworksBuildPhase section */
		262437691FBE7BC300BAA1B6 /* Frameworks */ = {
			isa = PBXFrameworksBuildPhase;
			buildActionMask = 2147483647;
			files = (
				B36B47A6A7E839157FB174E9 /* libPods-headlineNews.a in Frameworks */,
			);
			runOnlyForDeploymentPostprocessing = 0;
		};
/* End PBXFrameworksBuildPhase section */

/* Begin PBXGroup section */
		262437631FBE7BC300BAA1B6 = {
			isa = PBXGroup;
			children = (
				2624376E1FBE7BC300BAA1B6 /* headlineNews */,
				2624376D1FBE7BC300BAA1B6 /* Products */,
				9F0C6CA11CC59752005A1FC3 /* Pods */,
				96C08AF41DB49F1428C5B27D /* Frameworks */,
			);
			sourceTree = "<group>";
		};
		2624376D1FBE7BC300BAA1B6 /* Products */ = {
			isa = PBXGroup;
			children = (
				2624376C1FBE7BC300BAA1B6 /* headlineNews.app */,
			);
			name = Products;
			sourceTree = "<group>";
		};
		2624376E1FBE7BC300BAA1B6 /* headlineNews */ = {
			isa = PBXGroup;
			children = (
				262437851FBE803700BAA1B6 /* Class */,
				262437911FBE803700BAA1B6 /* Other */,
			);
			path = headlineNews;
			sourceTree = "<group>";
		};
		262437851FBE803700BAA1B6 /* Class */ = {
			isa = PBXGroup;
			children = (
				262437C51FBE90E000BAA1B6 /* HNMain */,
				262437C11FBE848800BAA1B6 /* HNBase */,
				262437EE1FC2BB8A00BAA1B6 /* HNTools */,
				262437FB1FC2BB9D00BAA1B6 /* HNNetWork */,
				262437B01FBE830A00BAA1B6 /* HNAppdelegate */,
				262437AD1FBE830A00BAA1B6 /* HNHome */,
				262437AF1FBE830A00BAA1B6 /* HNVideo */,
				262437AE1FBE830A00BAA1B6 /* HNMicroHeadlineNews */,
				2669FA5D2079FD630027504F /* HNMicroVideo */,
				262437AC1FBE830A00BAA1B6 /* HNMine */,
				2655F23D1FC3FB800027C6C4 /* HNComponent */,
			);
			path = Class;
			sourceTree = "<group>";
		};
		262437911FBE803700BAA1B6 /* Other */ = {
			isa = PBXGroup;
			children = (
				2655F22F1FC3C61B0027C6C4 /* HNTTF */,
				262437A21FBE805800BAA1B6 /* Assets.xcassets */,
				2624379D1FBE805800BAA1B6 /* Base.lproj */,
				262437A41FBE805800BAA1B6 /* Info.plist */,
				262437A31FBE805800BAA1B6 /* main.m */,
			);
			path = Other;
			sourceTree = "<group>";
		};
		2624379D1FBE805800BAA1B6 /* Base.lproj */ = {
			isa = PBXGroup;
			children = (
				2624379E1FBE805800BAA1B6 /* LaunchScreen.storyboard */,
				262437A01FBE805800BAA1B6 /* Main.storyboard */,
			);
			path = Base.lproj;
			sourceTree = "<group>";
		};
		262437AC1FBE830A00BAA1B6 /* HNMine */ = {
			isa = PBXGroup;
			children = (
				26922CBA1FCF9DD5002AF655 /* HNController */,
				26922CBE1FCF9DD5002AF655 /* HNModel */,
				26922CB91FCF9DD5002AF655 /* HNView */,
				26922CBD1FCF9DD5002AF655 /* HNViewModel */,
			);
			path = HNMine;
			sourceTree = "<group>";
		};
		262437AD1FBE830A00BAA1B6 /* HNHome */ = {
			isa = PBXGroup;
			children = (
				26922C771FCD41D4002AF655 /* HNController */,
				26922C7C1FCD41D4002AF655 /* HNModel */,
				26922C7D1FCD41D4002AF655 /* HNView */,
				26922C761FCD41D4002AF655 /* HNViewModel */,
			);
			path = HNHome;
			sourceTree = "<group>";
		};
		262437AE1FBE830A00BAA1B6 /* HNMicroHeadlineNews */ = {
			isa = PBXGroup;
			children = (
				26922CAB1FCEAA03002AF655 /* HNController */,
				26922CAE1FCEAA03002AF655 /* HNModel */,
				26922CA91FCEAA03002AF655 /* HNView */,
				26922CAA1FCEAA03002AF655 /* HNViewModel */,
			);
			path = HNMicroHeadlineNews;
			sourceTree = "<group>";
		};
		262437AF1FBE830A00BAA1B6 /* HNVideo */ = {
			isa = PBXGroup;
			children = (
				2655F2721FC431E10027C6C4 /* HNController */,
				2655F2701FC431E10027C6C4 /* HNModel */,
				2655F2711FC431E10027C6C4 /* HNView */,
				2655F2751FC431E10027C6C4 /* HNViewModel */,
			);
			path = HNVideo;
			sourceTree = "<group>";
		};
		262437B01FBE830A00BAA1B6 /* HNAppdelegate */ = {
			isa = PBXGroup;
			children = (
				2624379A1FBE805800BAA1B6 /* AppDelegate.h */,
				262437991FBE805800BAA1B6 /* AppDelegate.m */,
			);
			path = HNAppdelegate;
			sourceTree = "<group>";
		};
		262437C11FBE848800BAA1B6 /* HNBase */ = {
			isa = PBXGroup;
			children = (
				2655F2941FC6A58A0027C6C4 /* HNBaseViewModel */,
				262437C21FBE848800BAA1B6 /* HNBaseModel */,
				262437C31FBE848800BAA1B6 /* HNBaseView */,
				262437C41FBE848800BAA1B6 /* HNBaseViewController */,
			);
			path = HNBase;
			sourceTree = "<group>";
		};
		262437C21FBE848800BAA1B6 /* HNBaseModel */ = {
			isa = PBXGroup;
			children = (
			);
			path = HNBaseModel;
			sourceTree = "<group>";
		};
		262437C31FBE848800BAA1B6 /* HNBaseView */ = {
			isa = PBXGroup;
			children = (
			);
			path = HNBaseView;
			sourceTree = "<group>";
		};
		262437C41FBE848800BAA1B6 /* HNBaseViewController */ = {
			isa = PBXGroup;
			children = (
				262437DC1FC153D500BAA1B6 /* HNBaseViewController.h */,
				262437DD1FC153D500BAA1B6 /* HNBaseViewController.m */,
			);
			path = HNBaseViewController;
			sourceTree = "<group>";
		};
		262437C51FBE90E000BAA1B6 /* HNMain */ = {
			isa = PBXGroup;
			children = (
				262437CC1FBEB60500BAA1B6 /* HNHeader.h */,
				262437CD1FBEB60500BAA1B6 /* HNHeader.m */,
				262437C61FBE910400BAA1B6 /* HNTabBarController.h */,
				262437C71FBE910400BAA1B6 /* HNTabBarController.m */,
				262437D61FBEDDBA00BAA1B6 /* UITabBar+HNTabber.h */,
				262437D71FBEDDBA00BAA1B6 /* UITabBar+HNTabber.m */,
				262437C91FBE912200BAA1B6 /* HNNavigationController.h */,
				262437CA1FBE912200BAA1B6 /* HNNavigationController.m */,
				2655F23A1FC3CBFB0027C6C4 /* HNNavigationBar.h */,
				2655F23B1FC3CBFB0027C6C4 /* HNNavigationBar.m */,
			);
			path = HNMain;
			sourceTree = "<group>";
		};
		262437EE1FC2BB8A00BAA1B6 /* HNTools */ = {
			isa = PBXGroup;
			children = (
				267F29711FD3BFB60059362A /* HNHelper */,
				2655F26D1FC4290C0027C6C4 /* MBProgressHUD+Add.h */,
				2655F26E1FC4290C0027C6C4 /* MBProgressHUD+Add.m */,
				2655F2611FC40E660027C6C4 /* UIButton+EX.h */,
				2655F2601FC40E660027C6C4 /* UIButton+EX.m */,
				262437EF1FC2BB8A00BAA1B6 /* HNRefreshFooter.h */,
				262437F01FC2BB8A00BAA1B6 /* HNRefreshFooter.m */,
				262437F11FC2BB8A00BAA1B6 /* HNRefreshGifHeader.h */,
				262437F21FC2BB8A00BAA1B6 /* HNRefreshGifHeader.m */,
				262437F31FC2BB8A00BAA1B6 /* UIView+AnimationExtend.h */,
				262437F41FC2BB8A00BAA1B6 /* UIView+AnimationExtend.m */,
				262437F51FC2BB8A00BAA1B6 /* UIView+Frame.h */,
				262437F61FC2BB8A00BAA1B6 /* UIView+Frame.m */,
				26922CA31FCE5D91002AF655 /* UIImage+EX.h */,
				26922CA41FCE5D91002AF655 /* UIImage+EX.m */,
				267D2389200C8A9100A348DB /* UIScrollView+EX.h */,
				267D238A200C8A9100A348DB /* UIScrollView+EX.m */,
			);
			path = HNTools;
			sourceTree = "<group>";
		};
		262437FB1FC2BB9D00BAA1B6 /* HNNetWork */ = {
			isa = PBXGroup;
			children = (
				2655F2691FC4289F0027C6C4 /* HNNetWorkBaseModel.h */,
				2655F2681FC4289F0027C6C4 /* HNNetWorkBaseModel.m */,
				2655F26A1FC4289F0027C6C4 /* HNNetWorkManager.h */,
				2655F2671FC4289F0027C6C4 /* HNNetWorkManager.m */,
				262437FF1FC2BBF100BAA1B6 /* HNURLManager.h */,
				262438001FC2BBF100BAA1B6 /* HNURLManager.m */,
			);
			path = HNNetWork;
			sourceTree = "<group>";
		};
		2655F22F1FC3C61B0027C6C4 /* HNTTF */ = {
			isa = PBXGroup;
			children = (
				2655F2301FC3C61B0027C6C4 /* 290-cai978.ttf */,
				2655F2311FC3C61B0027C6C4 /* ChatroomIconFont.ttf */,
				2655F2321FC3C61B0027C6C4 /* iconfont.ttf */,
				2655F2331FC3C61B0027C6C4 /* new_icon.ttf */,
				2655F2341FC3C61B0027C6C4 /* wd_iconfont.ttf */,
			);
			path = HNTTF;
			sourceTree = "<group>";
		};
		2655F23D1FC3FB800027C6C4 /* HNComponent */ = {
			isa = PBXGroup;
			children = (
				26886A872016D25300ACD6F5 /* LBPhotoBrowser */,
				26922C4E1FCC11A2002AF655 /* WMPageController */,
				2655F2631FC426E30027C6C4 /* HNChannelView */,
			);
			path = HNComponent;
			sourceTree = "<group>";
		};
		2655F2631FC426E30027C6C4 /* HNChannelView */ = {
			isa = PBXGroup;
			children = (
				2655F2641FC427080027C6C4 /* HNChannelView.h */,
				2655F2651FC427080027C6C4 /* HNChannelView.m */,
				2607B5E11FC6C0DF000AF380 /* HNChannelModel.h */,
				2607B5E21FC6C0DF000AF380 /* HNChannelModel.m */,
				2607B5E71FC7C929000AF380 /* HNTitleView.h */,
				2607B5E81FC7C929000AF380 /* HNTitleView.m */,
				2607B5EC1FC7CC77000AF380 /* HNTitleView.xib */,
				2607B5E41FC6CA56000AF380 /* HNButton.h */,
				2607B5E51FC6CA56000AF380 /* HNButton.m */,
			);
			path = HNChannelView;
			sourceTree = "<group>";
		};
		2655F2701FC431E10027C6C4 /* HNModel */ = {
			isa = PBXGroup;
			children = (
				2655F27A1FC55DFE0027C6C4 /* HNVideoTitleModel.h */,
				2655F27B1FC55DFE0027C6C4 /* HNVideoTitleModel.m */,
				2655F2891FC5782C0027C6C4 /* HNVideoListModel.h */,
				2655F28A1FC5782C0027C6C4 /* HNVideoListModel.m */,
				2655F2801FC55FC30027C6C4 /* HNTitleRequest.h */,
				2655F2811FC55FC30027C6C4 /* HNTitleRequest.m */,
				2655F2831FC56CFF0027C6C4 /* HNVideoListRequst.h */,
				2655F2841FC56CFF0027C6C4 /* HNVideoListRequst.m */,
			);
			path = HNModel;
			sourceTree = "<group>";
		};
		2655F2711FC431E10027C6C4 /* HNView */ = {
			isa = PBXGroup;
			children = (
				2655F28F1FC69C010027C6C4 /* HNVideoCell.h */,
				2655F2901FC69C010027C6C4 /* HNVideoCell.m */,
				2655F2911FC69C010027C6C4 /* HNVideoCell.xib */,
			);
			path = HNView;
			sourceTree = "<group>";
		};
		2655F2721FC431E10027C6C4 /* HNController */ = {
			isa = PBXGroup;
			children = (
				2655F2731FC431E10027C6C4 /* HNVideoVC.h */,
				2655F2741FC431E10027C6C4 /* HNVideoVC.m */,
				2655F2771FC4322B0027C6C4 /* HNVideoPageVC.h */,
				2655F2781FC4322B0027C6C4 /* HNVideoPageVC.m */,
			);
			path = HNController;
			sourceTree = "<group>";
		};
		2655F2751FC431E10027C6C4 /* HNViewModel */ = {
			isa = PBXGroup;
			children = (
				2655F27D1FC55EB00027C6C4 /* HNVideoTitleViewModel.h */,
				2655F27E1FC55EB00027C6C4 /* HNVideoTitleViewModel.m */,
				2655F2861FC56D1B0027C6C4 /* HNVideoListViewModel.h */,
				2655F2871FC56D1B0027C6C4 /* HNVideoListViewModel.m */,
			);
			path = HNViewModel;
			sourceTree = "<group>";
		};
		2655F2941FC6A58A0027C6C4 /* HNBaseViewModel */ = {
			isa = PBXGroup;
			children = (
				2655F2951FC6A5A70027C6C4 /* HNBaseViewModel.h */,
				2655F2961FC6A5A70027C6C4 /* HNBaseViewModel.m */,
			);
			path = HNBaseViewModel;
			sourceTree = "<group>";
		};
		2669FA5D2079FD630027504F /* HNMicroVideo */ = {
			isa = PBXGroup;
			children = (
				2669FA5E2079FD630027504F /* HNController */,
				2669FA5F2079FD630027504F /* HNModel */,
				2669FA602079FD630027504F /* HNView */,
				2669FA612079FD630027504F /* HNViewModel */,
			);
			path = HNMicroVideo;
			sourceTree = "<group>";
		};
		2669FA5E2079FD630027504F /* HNController */ = {
			isa = PBXGroup;
			children = (
				2669FA62207A06040027504F /* HNMicroVideoVC.h */,
				2669FA63207A06040027504F /* HNMicroVideoVC.m */,
			);
			path = HNController;
			sourceTree = "<group>";
		};
		2669FA5F2079FD630027504F /* HNModel */ = {
			isa = PBXGroup;
			children = (
				2631DB3A207CC0EF004E08DE /* HNMicoVideoRequest.h */,
				2631DB3B207CC0EF004E08DE /* HNMicoVideoRequest.m */,
				2631DB3D207CC585004E08DE /* HNMicroVideoModel.h */,
				2631DB3E207CC585004E08DE /* HNMicroVideoModel.m */,
			);
			path = HNModel;
			sourceTree = "<group>";
		};
		2669FA602079FD630027504F /* HNView */ = {
			isa = PBXGroup;
			children = (
				262F9299207B520A00DBD209 /* HNMicroVideoCollectionViewCell.h */,
				262F929A207B520A00DBD209 /* HNMicroVideoCollectionViewCell.m */,
			);
			path = HNView;
			sourceTree = "<group>";
		};
		2669FA612079FD630027504F /* HNViewModel */ = {
			isa = PBXGroup;
			children = (
				2631DB34207CC024004E08DE /* HNMicroVideoViewModel.h */,
				2631DB35207CC024004E08DE /* HNMicroVideoViewModel.m */,
			);
			path = HNViewModel;
			sourceTree = "<group>";
		};
		267F29711FD3BFB60059362A /* HNHelper */ = {
			isa = PBXGroup;
			children = (
				26288DC51FD7EF61003A684F /* HNDiskCacheHelper.h */,
				26288DC61FD7EF61003A684F /* YNDiskCacheHelper.m */,
				267F29721FD3BFC50059362A /* HNEmitterHelper.h */,
				267F29731FD3BFC50059362A /* HNEmitterHelper.m */,
				26288DC81FD8D812003A684F /* HNEmoticonHelper.h */,
				26288DC91FD8D812003A684F /* HNEmoticonHelper.m */,
			);
			path = HNHelper;
			sourceTree = "<group>";
		};
		26886A872016D25300ACD6F5 /* LBPhotoBrowser */ = {
			isa = PBXGroup;
			children = (
				26886A882016D25300ACD6F5 /* LBLoadError.jpg */,
				26886A892016D25300ACD6F5 /* LBLoading.png */,
				26886A8A2016D25300ACD6F5 /* LBLoadingView.h */,
				26886A8B2016D25300ACD6F5 /* LBLoadingView.m */,
				26886A8C2016D25300ACD6F5 /* LBOptionView.h */,
				26886A8D2016D25300ACD6F5 /* LBOptionView.m */,
				26886A8E2016D25300ACD6F5 /* LBPhotoBrowserConst.h */,
				26886A8F2016D25300ACD6F5 /* LBPhotoBrowserConst.m */,
				26886A902016D25300ACD6F5 /* LBPhotoBrowserManager.h */,
				26886A912016D25300ACD6F5 /* LBPhotoBrowserManager.m */,
				26886A922016D25300ACD6F5 /* LBPhotoBrowserView.h */,
				26886A932016D25300ACD6F5 /* LBPhotoBrowserView.m */,
				26886A942016D25300ACD6F5 /* LBTapDetectingImageView.h */,
				26886A952016D25300ACD6F5 /* LBTapDetectingImageView.m */,
				26886A962016D25300ACD6F5 /* LBZoomScrollView.h */,
				26886A972016D25300ACD6F5 /* LBZoomScrollView.m */,
				26886A982016D25300ACD6F5 /* UIImage+LBDecoder.h */,
				26886A992016D25300ACD6F5 /* UIImage+LBDecoder.m */,
				26886A9A2016D25300ACD6F5 /* UIView+LBFrame.h */,
				26886A9B2016D25300ACD6F5 /* UIView+LBFrame.m */,
			);
			path = LBPhotoBrowser;
			sourceTree = "<group>";
		};
		26922C4E1FCC11A2002AF655 /* WMPageController */ = {
			isa = PBXGroup;
			children = (
				26922C631FCC13C5002AF655 /* WMMenuItem.h */,
				26922C5E1FCC13C4002AF655 /* WMMenuItem.m */,
				26922C601FCC13C5002AF655 /* WMMenuView.h */,
				26922C5F1FCC13C5002AF655 /* WMMenuView.m */,
				26922C621FCC13C5002AF655 /* WMPageController.h */,
				26922C5D1FCC13C4002AF655 /* WMPageController.m */,
				26922C5C1FCC13C4002AF655 /* WMProgressView.h */,
				26922C5A1FCC13C4002AF655 /* WMProgressView.m */,
				26922C611FCC13C5002AF655 /* WMScrollView.h */,
				26922C5B1FCC13C4002AF655 /* WMScrollView.m */,
			);
			path = WMPageController;
			sourceTree = "<group>";
		};
		26922C761FCD41D4002AF655 /* HNViewModel */ = {
			isa = PBXGroup;
			children = (
				26922C831FCD4288002AF655 /* HNHomeTitleViewModel.h */,
				26922C841FCD4288002AF655 /* HNHomeTitleViewModel.m */,
				26922C911FCD54C7002AF655 /* HNHomeNewsCellViewModel.h */,
				26922C921FCD54C7002AF655 /* HNHomeNewsCellViewModel.m */,
			);
			path = HNViewModel;
			sourceTree = "<group>";
		};
		26922C771FCD41D4002AF655 /* HNController */ = {
			isa = PBXGroup;
			children = (
				26922C7A1FCD41D4002AF655 /* HNHomeVC.h */,
				26922C7B1FCD41D4002AF655 /* HNHomeVC.m */,
				26922C781FCD41D4002AF655 /* HNDetailVC.h */,
				26922C791FCD41D4002AF655 /* HNDetailVC.m */,
				267F297E1FD78CC40059362A /* HNHomeWebVC.h */,
				267F297F1FD78CC40059362A /* HNHomeWebVC.m */,
			);
			path = HNController;
			sourceTree = "<group>";
		};
		26922C7C1FCD41D4002AF655 /* HNModel */ = {
			isa = PBXGroup;
			children = (
				26922C801FCD4219002AF655 /* HNHomeTitleRequest.h */,
				26922C811FCD4219002AF655 /* HNHomeTitleRequest.m */,
				26922C971FCD5546002AF655 /* HNHomeNewsRequest.h */,
				26922C981FCD5546002AF655 /* HNHomeNewsRequest.m */,
				26922C891FCD4606002AF655 /* HNHomeTitleModel.h */,
				26922C8A1FCD4606002AF655 /* HNHomeTitleModel.m */,
				26922C9A1FCD572B002AF655 /* HNHomeNewsModel.h */,
				26922C9B1FCD572B002AF655 /* HNHomeNewsModel.m */,
				267F29761FD6A3BA0059362A /* HNHomeJokeModel.h */,
				267F29771FD6A3BA0059362A /* HNHomeJokeModel.m */,
			);
			path = HNModel;
			sourceTree = "<group>";
		};
		26922C7D1FCD41D4002AF655 /* HNView */ = {
			isa = PBXGroup;
			children = (
				26922C8C1FCD5432002AF655 /* HNHomeNewsCell.h */,
				26922C8D1FCD5432002AF655 /* HNHomeNewsCell.m */,
				26922C8E1FCD5432002AF655 /* HNHomeNewsCell.xib */,
				267F29791FD6A6B80059362A /* HNHomeJokeCell.h */,
				267F297A1FD6A6B80059362A /* HNHomeJokeCell.m */,
				267F297B1FD6A6B80059362A /* HNHomeJokeCell.xib */,
				2697FB7D1FEA6E6500C4F63E /* HNContentNewsCell.h */,
				2697FB7E1FEA6E6500C4F63E /* HNContentNewsCell.m */,
				2697FB7F1FEA6E6500C4F63E /* HNContentNewsCell.xib */,
			);
			path = HNView;
			sourceTree = "<group>";
		};
		26922CA91FCEAA03002AF655 /* HNView */ = {
			isa = PBXGroup;
			children = (
				26DF008C1FDCE527000150FA /* HNImageViewContainer.h */,
				26DF008D1FDCE527000150FA /* HNImageViewContainer.m */,
				26FE10F51FEA0A2F009DE78B /* HNOptionView.h */,
				26FE10F61FEA0A2F009DE78B /* HNOptionView.m */,
				26922CC01FCF9E07002AF655 /* HNMicroCell.h */,
				26922CC11FCF9E07002AF655 /* HNMicroCell.m */,
			);
			path = HNView;
			sourceTree = "<group>";
		};
		26922CAA1FCEAA03002AF655 /* HNViewModel */ = {
			isa = PBXGroup;
			children = (
				26922CB01FCEAFC4002AF655 /* HNMicroHeadlineViewModel.h */,
				26922CB11FCEAFC4002AF655 /* HNMicroHeadlineViewModel.m */,
			);
			path = HNViewModel;
			sourceTree = "<group>";
		};
		26922CAB1FCEAA03002AF655 /* HNController */ = {
			isa = PBXGroup;
			children = (
				26922CAC1FCEAA03002AF655 /* HNMicroHeadlineNewVC.h */,
				26922CAD1FCEAA03002AF655 /* HNMicroHeadlineNewVC.m */,
				267D23BE200F5D1C00A348DB /* HNMicroContentVC.h */,
				267D23BF200F5D1C00A348DB /* HNMicroContentVC.m */,
			);
			path = HNController;
			sourceTree = "<group>";
		};
		26922CAE1FCEAA03002AF655 /* HNModel */ = {
			isa = PBXGroup;
			children = (
				26922CB31FCEB163002AF655 /* HNMicroHeadlineRequest.h */,
				26922CB41FCEB163002AF655 /* HNMicroHeadlineRequest.m */,
				26922CB61FCEB483002AF655 /* HNMicroHeadlineModel.h */,
				26922CB71FCEB483002AF655 /* HNMicroHeadlineModel.m */,
				26DF00861FDA5D07000150FA /* HNMicroLayout.h */,
				26DF00871FDA5D07000150FA /* HNMicroLayout.m */,
			);
			path = HNModel;
			sourceTree = "<group>";
		};
		26922CB91FCF9DD5002AF655 /* HNView */ = {
			isa = PBXGroup;
			children = (
				2636BDC520033AE4005A2BCF /* HNMineHeaderView.h */,
				2636BDC620033AE4005A2BCF /* HNMineHeaderView.m */,
			);
			path = HNView;
			sourceTree = "<group>";
		};
		26922CBA1FCF9DD5002AF655 /* HNController */ = {
			isa = PBXGroup;
			children = (
				26922CBB1FCF9DD5002AF655 /* HNMineVC.h */,
				26922CBC1FCF9DD5002AF655 /* HNMineVC.m */,
			);
			path = HNController;
			sourceTree = "<group>";
		};
		26922CBD1FCF9DD5002AF655 /* HNViewModel */ = {
			isa = PBXGroup;
			children = (
			);
			path = HNViewModel;
			sourceTree = "<group>";
		};
		26922CBE1FCF9DD5002AF655 /* HNModel */ = {
			isa = PBXGroup;
			children = (
			);
			path = HNModel;
			sourceTree = "<group>";
		};
		96C08AF41DB49F1428C5B27D /* Frameworks */ = {
			isa = PBXGroup;
			children = (
				978C3F33549E969A471F0532 /* libPods-headlineNews.a */,
			);
			name = Frameworks;
			sourceTree = "<group>";
		};
		9F0C6CA11CC59752005A1FC3 /* Pods */ = {
			isa = PBXGroup;
			children = (
				5540F9DE1170CC0E5C45249F /* Pods-headlineNews.debug.xcconfig */,
				5C56A316864F9359C35FD949 /* Pods-headlineNews.release.xcconfig */,
			);
			name = Pods;
			sourceTree = "<group>";
		};
/* End PBXGroup section */

/* Begin PBXNativeTarget section */
		2624376B1FBE7BC300BAA1B6 /* headlineNews */ = {
			isa = PBXNativeTarget;
			buildConfigurationList = 262437821FBE7BC300BAA1B6 /* Build configuration list for PBXNativeTarget "headlineNews" */;
			buildPhases = (
				FB1331650E25F5745D044A82 /* [CP] Check Pods Manifest.lock */,
				262437681FBE7BC300BAA1B6 /* Sources */,
				262437691FBE7BC300BAA1B6 /* Frameworks */,
				2624376A1FBE7BC300BAA1B6 /* Resources */,
				DF096F8DF948B564F5CC6E3E /* [CP] Embed Pods Frameworks */,
				5793ABBD70D877174C28A410 /* [CP] Copy Pods Resources */,
			);
			buildRules = (
			);
			dependencies = (
			);
			name = headlineNews;
			productName = headlineNews;
			productReference = 2624376C1FBE7BC300BAA1B6 /* headlineNews.app */;
			productType = "com.apple.product-type.application";
		};
/* End PBXNativeTarget section */

/* Begin PBXProject section */
		262437641FBE7BC300BAA1B6 /* Project object */ = {
			isa = PBXProject;
			attributes = {
				LastUpgradeCheck = 0910;
				ORGANIZATIONNAME = vcyber;
				TargetAttributes = {
					2624376B1FBE7BC300BAA1B6 = {
						CreatedOnToolsVersion = 9.1;
						ProvisioningStyle = Manual;
					};
				};
			};
			buildConfigurationList = 262437671FBE7BC300BAA1B6 /* Build configuration list for PBXProject "headlineNews" */;
			compatibilityVersion = "Xcode 8.0";
			developmentRegion = en;
			hasScannedForEncodings = 0;
			knownRegions = (
				en,
				Base,
			);
			mainGroup = 262437631FBE7BC300BAA1B6;
			productRefGroup = 2624376D1FBE7BC300BAA1B6 /* Products */;
			projectDirPath = "";
			projectRoot = "";
			targets = (
				2624376B1FBE7BC300BAA1B6 /* headlineNews */,
			);
		};
/* End PBXProject section */

/* Begin PBXResourcesBuildPhase section */
		2624376A1FBE7BC300BAA1B6 /* Resources */ = {
			isa = PBXResourcesBuildPhase;
			buildActionMask = 2147483647;
			files = (
				262437AB1FBE805800BAA1B6 /* Info.plist in Resources */,
				2655F2391FC3C61B0027C6C4 /* wd_iconfont.ttf in Resources */,
				26886A9C2016D25300ACD6F5 /* LBLoadError.jpg in Resources */,
				2655F2351FC3C61B0027C6C4 /* 290-cai978.ttf in Resources */,
				2697FB811FEA6E6500C4F63E /* HNContentNewsCell.xib in Resources */,
				2655F2381FC3C61B0027C6C4 /* new_icon.ttf in Resources */,
				2655F2371FC3C61B0027C6C4 /* iconfont.ttf in Resources */,
				2607B5ED1FC7CC77000AF380 /* HNTitleView.xib in Resources */,
				2655F2931FC69C010027C6C4 /* HNVideoCell.xib in Resources */,
				262437A71FBE805800BAA1B6 /* LaunchScreen.storyboard in Resources */,
				267F297D1FD6A6B80059362A /* HNHomeJokeCell.xib in Resources */,
				2655F2361FC3C61B0027C6C4 /* ChatroomIconFont.ttf in Resources */,
				26886A9D2016D25300ACD6F5 /* LBLoading.png in Resources */,
				262437A91FBE805800BAA1B6 /* Assets.xcassets in Resources */,
				262437A81FBE805800BAA1B6 /* Main.storyboard in Resources */,
				26922C901FCD5432002AF655 /* HNHomeNewsCell.xib in Resources */,
			);
			runOnlyForDeploymentPostprocessing = 0;
		};
/* End PBXResourcesBuildPhase section */

/* Begin PBXShellScriptBuildPhase section */
		5793ABBD70D877174C28A410 /* [CP] Copy Pods Resources */ = {
			isa = PBXShellScriptBuildPhase;
			buildActionMask = 2147483647;
			files = (
			);
			inputPaths = (
				"${SRCROOT}/Pods/Target Support Files/Pods-headlineNews/Pods-headlineNews-resources.sh",
				"${PODS_ROOT}/KMCGeigerCounter/KMCGeigerCounter/KMCGeigerCounterTick.aiff",
				"${PODS_ROOT}/MJRefresh/MJRefresh/MJRefresh.bundle",
				"${PODS_ROOT}/ZFPlayer/ZFPlayer/ZFPlayer.bundle",
			);
			name = "[CP] Copy Pods Resources";
			outputPaths = (
				"${TARGET_BUILD_DIR}/${UNLOCALIZED_RESOURCES_FOLDER_PATH}",
			);
			runOnlyForDeploymentPostprocessing = 0;
			shellPath = /bin/sh;
			shellScript = "\"${SRCROOT}/Pods/Target Support Files/Pods-headlineNews/Pods-headlineNews-resources.sh\"\n";
			showEnvVarsInLog = 0;
		};
		DF096F8DF948B564F5CC6E3E /* [CP] Embed Pods Frameworks */ = {
			isa = PBXShellScriptBuildPhase;
			buildActionMask = 2147483647;
			files = (
			);
			inputPaths = (
				"${SRCROOT}/Pods/Target Support Files/Pods-headlineNews/Pods-headlineNews-frameworks.sh",
				"${BUILT_PRODUCTS_DIR}/AFNetworking/AFNetworking.framework",
				"${BUILT_PRODUCTS_DIR}/DZNEmptyDataSet/DZNEmptyDataSet.framework",
				"${BUILT_PRODUCTS_DIR}/MBProgressHUD/MBProgressHUD.framework",
				"${BUILT_PRODUCTS_DIR}/MJExtension/MJExtension.framework",
				"${BUILT_PRODUCTS_DIR}/MJRefresh/MJRefresh.framework",
				"${BUILT_PRODUCTS_DIR}/ReactiveObjC/ReactiveObjC.framework",
				"${BUILT_PRODUCTS_DIR}/SDWebImage/SDWebImage.framework",
				"${BUILT_PRODUCTS_DIR}/YYCache/YYCache.framework",
			);
			name = "[CP] Embed Pods Frameworks";
			outputPaths = (
				"${TARGET_BUILD_DIR}/${FRAMEWORKS_FOLDER_PATH}/AFNetworking.framework",
				"${TARGET_BUILD_DIR}/${FRAMEWORKS_FOLDER_PATH}/DZNEmptyDataSet.framework",
				"${TARGET_BUILD_DIR}/${FRAMEWORKS_FOLDER_PATH}/MBProgressHUD.framework",
				"${TARGET_BUILD_DIR}/${FRAMEWORKS_FOLDER_PATH}/MJExtension.framework",
				"${TARGET_BUILD_DIR}/${FRAMEWORKS_FOLDER_PATH}/MJRefresh.framework",
				"${TARGET_BUILD_DIR}/${FRAMEWORKS_FOLDER_PATH}/ReactiveObjC.framework",
				"${TARGET_BUILD_DIR}/${FRAMEWORKS_FOLDER_PATH}/SDWebImage.framework",
				"${TARGET_BUILD_DIR}/${FRAMEWORKS_FOLDER_PATH}/YYCache.framework",
			);
			runOnlyForDeploymentPostprocessing = 0;
			shellPath = /bin/sh;
			shellScript = "\"${SRCROOT}/Pods/Target Support Files/Pods-headlineNews/Pods-headlineNews-frameworks.sh\"\n";
			showEnvVarsInLog = 0;
		};
		FB1331650E25F5745D044A82 /* [CP] Check Pods Manifest.lock */ = {
			isa = PBXShellScriptBuildPhase;
			buildActionMask = 2147483647;
			files = (
			);
			inputPaths = (
				"${PODS_PODFILE_DIR_PATH}/Podfile.lock",
				"${PODS_ROOT}/Manifest.lock",
			);
			name = "[CP] Check Pods Manifest.lock";
			outputPaths = (
				"$(DERIVED_FILE_DIR)/Pods-headlineNews-checkManifestLockResult.txt",
			);
			runOnlyForDeploymentPostprocessing = 0;
			shellPath = /bin/sh;
			shellScript = "diff \"${PODS_PODFILE_DIR_PATH}/Podfile.lock\" \"${PODS_ROOT}/Manifest.lock\" > /dev/null\nif [ $? != 0 ] ; then\n    # print error to STDERR\n    echo \"error: The sandbox is not in sync with the Podfile.lock. Run 'pod install' or update your CocoaPods installation.\" >&2\n    exit 1\nfi\n# This output is used by Xcode 'outputs' to avoid re-running this script phase.\necho \"SUCCESS\" > \"${SCRIPT_OUTPUT_FILE_0}\"\n";
			showEnvVarsInLog = 0;
		};
/* End PBXShellScriptBuildPhase section */

/* Begin PBXSourcesBuildPhase section */
		262437681FBE7BC300BAA1B6 /* Sources */ = {
			isa = PBXSourcesBuildPhase;
			buildActionMask = 2147483647;
			files = (
				267F29741FD3BFC50059362A /* HNEmitterHelper.m in Sources */,
				2697FB801FEA6E6500C4F63E /* HNContentNewsCell.m in Sources */,
				262F929B207B520A00DBD209 /* HNMicroVideoCollectionViewCell.m in Sources */,
				26922CB51FCEB163002AF655 /* HNMicroHeadlineRequest.m in Sources */,
				26922CA51FCE5D91002AF655 /* UIImage+EX.m in Sources */,
				26FE10F71FEA0A2F009DE78B /* HNOptionView.m in Sources */,
				267F29781FD6A3BA0059362A /* HNHomeJokeModel.m in Sources */,
				2636BDC720033AE4005A2BCF /* HNMineHeaderView.m in Sources */,
				26922C751FCC1696002AF655 /* HNVideoTitleViewModel.m in Sources */,
				26922C741FCC1681002AF655 /* HNBaseViewModel.m in Sources */,
				2631DB36207CC024004E08DE /* HNMicroVideoViewModel.m in Sources */,
				26922C731FCC163E002AF655 /* HNVideoListViewModel.m in Sources */,
				26922C6A1FCC1528002AF655 /* WMMenuItem.m in Sources */,
				26922C6C1FCC1528002AF655 /* WMMenuView.m in Sources */,
				26922C821FCD4219002AF655 /* HNHomeTitleRequest.m in Sources */,
				26922CC21FCF9E07002AF655 /* HNMicroCell.m in Sources */,
				26922C931FCD54C7002AF655 /* HNHomeNewsCellViewModel.m in Sources */,
				26922C6E1FCC1528002AF655 /* WMPageController.m in Sources */,
				26922C8F1FCD5432002AF655 /* HNHomeNewsCell.m in Sources */,
				26922C701FCC1528002AF655 /* WMProgressView.m in Sources */,
				26922C721FCC1528002AF655 /* WMScrollView.m in Sources */,
				2607B5E61FC6CA56000AF380 /* HNButton.m in Sources */,
				26922CB21FCEAFC4002AF655 /* HNMicroHeadlineViewModel.m in Sources */,
				2655F2761FC431E10027C6C4 /* HNVideoVC.m in Sources */,
				26922CB81FCEB483002AF655 /* HNMicroHeadlineModel.m in Sources */,
				26922C8B1FCD4606002AF655 /* HNHomeTitleModel.m in Sources */,
				2631DB3F207CC585004E08DE /* HNMicroVideoModel.m in Sources */,
				26288DCA1FD8D812003A684F /* HNEmoticonHelper.m in Sources */,
				26DF00881FDA5D07000150FA /* HNMicroLayout.m in Sources */,
				26886A9F2016D25300ACD6F5 /* LBOptionView.m in Sources */,
				2631DB3C207CC0EF004E08DE /* HNMicoVideoRequest.m in Sources */,
				262437CE1FBEB60500BAA1B6 /* HNHeader.m in Sources */,
				262437F81FC2BB8A00BAA1B6 /* HNRefreshGifHeader.m in Sources */,
				262437AA1FBE805800BAA1B6 /* main.m in Sources */,
				267F297C1FD6A6B80059362A /* HNHomeJokeCell.m in Sources */,
				26886AA02016D25300ACD6F5 /* LBPhotoBrowserConst.m in Sources */,
				2655F2661FC427080027C6C4 /* HNChannelView.m in Sources */,
				26922C7E1FCD41D5002AF655 /* HNDetailVC.m in Sources */,
				262437FA1FC2BB8A00BAA1B6 /* UIView+Frame.m in Sources */,
				262437A51FBE805800BAA1B6 /* AppDelegate.m in Sources */,
				267D238B200C8A9100A348DB /* UIScrollView+EX.m in Sources */,
				26922C851FCD4288002AF655 /* HNHomeTitleViewModel.m in Sources */,
				26886AA32016D25300ACD6F5 /* LBTapDetectingImageView.m in Sources */,
				26886AA52016D25300ACD6F5 /* UIImage+LBDecoder.m in Sources */,
				2655F26C1FC4289F0027C6C4 /* HNNetWorkBaseModel.m in Sources */,
				267F29801FD78CC40059362A /* HNHomeWebVC.m in Sources */,
				26DF008E1FDCE527000150FA /* HNImageViewContainer.m in Sources */,
				26288DC71FD7EF61003A684F /* YNDiskCacheHelper.m in Sources */,
				2655F2821FC55FC30027C6C4 /* HNTitleRequest.m in Sources */,
				262437CB1FBE912200BAA1B6 /* HNNavigationController.m in Sources */,
				2655F23C1FC3CBFB0027C6C4 /* HNNavigationBar.m in Sources */,
				2655F2791FC4322B0027C6C4 /* HNVideoPageVC.m in Sources */,
				26922C991FCD5546002AF655 /* HNHomeNewsRequest.m in Sources */,
				26922CAF1FCEAA03002AF655 /* HNMicroHeadlineNewVC.m in Sources */,
				2655F2621FC40E660027C6C4 /* UIButton+EX.m in Sources */,
				262438011FC2BBF100BAA1B6 /* HNURLManager.m in Sources */,
				2655F26F1FC4290C0027C6C4 /* MBProgressHUD+Add.m in Sources */,
				2655F2921FC69C010027C6C4 /* HNVideoCell.m in Sources */,
				2655F26B1FC4289F0027C6C4 /* HNNetWorkManager.m in Sources */,
				26886A9E2016D25300ACD6F5 /* LBLoadingView.m in Sources */,
				26922C7F1FCD41D5002AF655 /* HNHomeVC.m in Sources */,
				26922C9C1FCD572B002AF655 /* HNHomeNewsModel.m in Sources */,
				262437DE1FC153D500BAA1B6 /* HNBaseViewController.m in Sources */,
				262437F71FC2BB8A00BAA1B6 /* HNRefreshFooter.m in Sources */,
				26886AA62016D25300ACD6F5 /* UIView+LBFrame.m in Sources */,
				262437D81FBEDDBA00BAA1B6 /* UITabBar+HNTabber.m in Sources */,
				267D23C0200F5D1C00A348DB /* HNMicroContentVC.m in Sources */,
				2655F27C1FC55DFE0027C6C4 /* HNVideoTitleModel.m in Sources */,
				2655F28B1FC5782C0027C6C4 /* HNVideoListModel.m in Sources */,
				26886AA22016D25300ACD6F5 /* LBPhotoBrowserView.m in Sources */,
				2607B5E91FC7C929000AF380 /* HNTitleView.m in Sources */,
				2655F2851FC56CFF0027C6C4 /* HNVideoListRequst.m in Sources */,
				2669FA64207A06040027504F /* HNMicroVideoVC.m in Sources */,
				26886AA42016D25300ACD6F5 /* LBZoomScrollView.m in Sources */,
				262437C81FBE910400BAA1B6 /* HNTabBarController.m in Sources */,
				26922CBF1FCF9DD5002AF655 /* HNMineVC.m in Sources */,
				262437F91FC2BB8A00BAA1B6 /* UIView+AnimationExtend.m in Sources */,
				26886AA12016D25300ACD6F5 /* LBPhotoBrowserManager.m in Sources */,
				2607B5E31FC6C0DF000AF380 /* HNChannelModel.m in Sources */,
			);
			runOnlyForDeploymentPostprocessing = 0;
		};
/* End PBXSourcesBuildPhase section */

/* Begin PBXVariantGroup section */
		2624379E1FBE805800BAA1B6 /* LaunchScreen.storyboard */ = {
			isa = PBXVariantGroup;
			children = (
				2624379F1FBE805800BAA1B6 /* Base */,
			);
			name = LaunchScreen.storyboard;
			sourceTree = "<group>";
		};
		262437A01FBE805800BAA1B6 /* Main.storyboard */ = {
			isa = PBXVariantGroup;
			children = (
				262437A11FBE805800BAA1B6 /* Base */,
			);
			name = Main.storyboard;
			sourceTree = "<group>";
		};
/* End PBXVariantGroup section */

/* Begin XCBuildConfiguration section */
		262437801FBE7BC300BAA1B6 /* Debug */ = {
			isa = XCBuildConfiguration;
			buildSettings = {
				ALWAYS_SEARCH_USER_PATHS = NO;
				CLANG_ANALYZER_NONNULL = YES;
				CLANG_ANALYZER_NUMBER_OBJECT_CONVERSION = YES_AGGRESSIVE;
				CLANG_CXX_LANGUAGE_STANDARD = "gnu++14";
				CLANG_CXX_LIBRARY = "libc++";
				CLANG_ENABLE_MODULES = YES;
				CLANG_ENABLE_OBJC_ARC = YES;
				CLANG_WARN_BLOCK_CAPTURE_AUTORELEASING = YES;
				CLANG_WARN_BOOL_CONVERSION = YES;
				CLANG_WARN_COMMA = YES;
				CLANG_WARN_CONSTANT_CONVERSION = YES;
				CLANG_WARN_DIRECT_OBJC_ISA_USAGE = YES_ERROR;
				CLANG_WARN_DOCUMENTATION_COMMENTS = YES;
				CLANG_WARN_EMPTY_BODY = YES;
				CLANG_WARN_ENUM_CONVERSION = YES;
				CLANG_WARN_INFINITE_RECURSION = YES;
				CLANG_WARN_INT_CONVERSION = YES;
				CLANG_WARN_NON_LITERAL_NULL_CONVERSION = YES;
				CLANG_WARN_OBJC_LITERAL_CONVERSION = YES;
				CLANG_WARN_OBJC_ROOT_CLASS = YES_ERROR;
				CLANG_WARN_RANGE_LOOP_ANALYSIS = YES;
				CLANG_WARN_STRICT_PROTOTYPES = YES;
				CLANG_WARN_SUSPICIOUS_MOVE = YES;
				CLANG_WARN_UNGUARDED_AVAILABILITY = YES_AGGRESSIVE;
				CLANG_WARN_UNREACHABLE_CODE = YES;
				CLANG_WARN__DUPLICATE_METHOD_MATCH = YES;
				CODE_SIGN_IDENTITY = "iPhone Developer";
				COPY_PHASE_STRIP = NO;
				DEBUG_INFORMATION_FORMAT = dwarf;
				ENABLE_STRICT_OBJC_MSGSEND = YES;
				ENABLE_TESTABILITY = YES;
				GCC_C_LANGUAGE_STANDARD = gnu11;
				GCC_DYNAMIC_NO_PIC = NO;
				GCC_NO_COMMON_BLOCKS = YES;
				GCC_OPTIMIZATION_LEVEL = 0;
				GCC_PREPROCESSOR_DEFINITIONS = (
					"DEBUG=1",
					"$(inherited)",
				);
				GCC_WARN_64_TO_32_BIT_CONVERSION = YES;
				GCC_WARN_ABOUT_RETURN_TYPE = YES_ERROR;
				GCC_WARN_UNDECLARED_SELECTOR = YES;
				GCC_WARN_UNINITIALIZED_AUTOS = YES_AGGRESSIVE;
				GCC_WARN_UNUSED_FUNCTION = YES;
				GCC_WARN_UNUSED_VARIABLE = YES;
				IPHONEOS_DEPLOYMENT_TARGET = 11.1;
				MTL_ENABLE_DEBUG_INFO = YES;
				ONLY_ACTIVE_ARCH = YES;
				SDKROOT = iphoneos;
			};
			name = Debug;
		};
		262437811FBE7BC300BAA1B6 /* Release */ = {
			isa = XCBuildConfiguration;
			buildSettings = {
				ALWAYS_SEARCH_USER_PATHS = NO;
				CLANG_ANALYZER_NONNULL = YES;
				CLANG_ANALYZER_NUMBER_OBJECT_CONVERSION = YES_AGGRESSIVE;
				CLANG_CXX_LANGUAGE_STANDARD = "gnu++14";
				CLANG_CXX_LIBRARY = "libc++";
				CLANG_ENABLE_MODULES = YES;
				CLANG_ENABLE_OBJC_ARC = YES;
				CLANG_WARN_BLOCK_CAPTURE_AUTORELEASING = YES;
				CLANG_WARN_BOOL_CONVERSION = YES;
				CLANG_WARN_COMMA = YES;
				CLANG_WARN_CONSTANT_CONVERSION = YES;
				CLANG_WARN_DIRECT_OBJC_ISA_USAGE = YES_ERROR;
				CLANG_WARN_DOCUMENTATION_COMMENTS = YES;
				CLANG_WARN_EMPTY_BODY = YES;
				CLANG_WARN_ENUM_CONVERSION = YES;
				CLANG_WARN_INFINITE_RECURSION = YES;
				CLANG_WARN_INT_CONVERSION = YES;
				CLANG_WARN_NON_LITERAL_NULL_CONVERSION = YES;
				CLANG_WARN_OBJC_LITERAL_CONVERSION = YES;
				CLANG_WARN_OBJC_ROOT_CLASS = YES_ERROR;
				CLANG_WARN_RANGE_LOOP_ANALYSIS = YES;
				CLANG_WARN_STRICT_PROTOTYPES = YES;
				CLANG_WARN_SUSPICIOUS_MOVE = YES;
				CLANG_WARN_UNGUARDED_AVAILABILITY = YES_AGGRESSIVE;
				CLANG_WARN_UNREACHABLE_CODE = YES;
				CLANG_WARN__DUPLICATE_METHOD_MATCH = YES;
				CODE_SIGN_IDENTITY = "iPhone Developer";
				COPY_PHASE_STRIP = NO;
				DEBUG_INFORMATION_FORMAT = "dwarf-with-dsym";
				ENABLE_NS_ASSERTIONS = NO;
				ENABLE_STRICT_OBJC_MSGSEND = YES;
				GCC_C_LANGUAGE_STANDARD = gnu11;
				GCC_NO_COMMON_BLOCKS = YES;
				GCC_WARN_64_TO_32_BIT_CONVERSION = YES;
				GCC_WARN_ABOUT_RETURN_TYPE = YES_ERROR;
				GCC_WARN_UNDECLARED_SELECTOR = YES;
				GCC_WARN_UNINITIALIZED_AUTOS = YES_AGGRESSIVE;
				GCC_WARN_UNUSED_FUNCTION = YES;
				GCC_WARN_UNUSED_VARIABLE = YES;
				IPHONEOS_DEPLOYMENT_TARGET = 11.1;
				MTL_ENABLE_DEBUG_INFO = NO;
				SDKROOT = iphoneos;
				VALIDATE_PRODUCT = YES;
			};
			name = Release;
		};
		262437831FBE7BC300BAA1B6 /* Debug */ = {
			isa = XCBuildConfiguration;
			baseConfigurationReference = 5540F9DE1170CC0E5C45249F /* Pods-headlineNews.debug.xcconfig */;
			buildSettings = {
				ASSETCATALOG_COMPILER_APPICON_NAME = AppIcon;
				CODE_SIGN_IDENTITY = "iPhone Developer";
				"CODE_SIGN_IDENTITY[sdk=iphoneos*]" = "iPhone Developer";
				CODE_SIGN_STYLE = Manual;
				DEVELOPMENT_TEAM = M974WD5VWM;
				FRAMEWORK_SEARCH_PATHS = (
					"$(inherited)",
					"$(PROJECT_DIR)/headlineNews/Class/HNComponent",
				);
				GCC_PREPROCESSOR_DEFINITIONS = (
					"$(inherited)",
					"COCOAPODS=1",
				);
				INFOPLIST_FILE = "$(SRCROOT)/headlineNews/Other/Info.plist";
				IPHONEOS_DEPLOYMENT_TARGET = 8.0;
				LD_RUNPATH_SEARCH_PATHS = "$(inherited) @executable_path/Frameworks";
				PRODUCT_BUNDLE_IDENTIFIER = com.vcyber.headlineNews;
				PRODUCT_NAME = "$(TARGET_NAME)";
				PROVISIONING_PROFILE = "44290f65-14f3-4c5a-bce8-f7896707fea4";
				PROVISIONING_PROFILE_SPECIFIER = CYW_ALL_APP_Development;
				TARGETED_DEVICE_FAMILY = "1,2";
			};
			name = Debug;
		};
		262437841FBE7BC300BAA1B6 /* Release */ = {
			isa = XCBuildConfiguration;
			baseConfigurationReference = 5C56A316864F9359C35FD949 /* Pods-headlineNews.release.xcconfig */;
			buildSettings = {
				ASSETCATALOG_COMPILER_APPICON_NAME = AppIcon;
				CODE_SIGN_IDENTITY = "iPhone Developer";
				"CODE_SIGN_IDENTITY[sdk=iphoneos*]" = "iPhone Developer";
				CODE_SIGN_STYLE = Manual;
				DEVELOPMENT_TEAM = "";
				FRAMEWORK_SEARCH_PATHS = (
					"$(inherited)",
					"$(PROJECT_DIR)/headlineNews/Class/HNComponent",
				);
				GCC_PREPROCESSOR_DEFINITIONS = (
					"$(inherited)",
					"COCOAPODS=1",
				);
				INFOPLIST_FILE = "$(SRCROOT)/headlineNews/Other/Info.plist";
				IPHONEOS_DEPLOYMENT_TARGET = 8.0;
				LD_RUNPATH_SEARCH_PATHS = "$(inherited) @executable_path/Frameworks";
				PRODUCT_BUNDLE_IDENTIFIER = com.vcyber.headlineNews;
				PRODUCT_NAME = "$(TARGET_NAME)";
				PROVISIONING_PROFILE = "";
				PROVISIONING_PROFILE_SPECIFIER = "";
				TARGETED_DEVICE_FAMILY = "1,2";
			};
			name = Release;
		};
/* End XCBuildConfiguration section */

/* Begin XCConfigurationList section */
		262437671FBE7BC300BAA1B6 /* Build configuration list for PBXProject "headlineNews" */ = {
			isa = XCConfigurationList;
			buildConfigurations = (
				262437801FBE7BC300BAA1B6 /* Debug */,
				262437811FBE7BC300BAA1B6 /* Release */,
			);
			defaultConfigurationIsVisible = 0;
			defaultConfigurationName = Release;
		};
		262437821FBE7BC300BAA1B6 /* Build configuration list for PBXNativeTarget "headlineNews" */ = {
			isa = XCConfigurationList;
			buildConfigurations = (
				262437831FBE7BC300BAA1B6 /* Debug */,
				262437841FBE7BC300BAA1B6 /* Release */,
			);
			defaultConfigurationIsVisible = 0;
			defaultConfigurationName = Release;
		};
/* End XCConfigurationList section */
	};
	rootObject = 262437641FBE7BC300BAA1B6 /* Project object */;
}
